// !$*UTF8*$!
{
	archiveVersion = 1;
	classes = {
	};
	objectVersion = 50;
	objects = {

/* Begin PBXBuildFile section */
		2BAC6F2321A133F600121D04 /* AppDelegate.swift in Sources */ = {isa = PBXBuildFile; fileRef = 2BAC6F2221A133F600121D04 /* AppDelegate.swift */; };
		2BAC6F2521A133F600121D04 /* ViewController.swift in Sources */ = {isa = PBXBuildFile; fileRef = 2BAC6F2421A133F600121D04 /* ViewController.swift */; };
		2BAC6F2821A133F600121D04 /* Main.storyboard in Resources */ = {isa = PBXBuildFile; fileRef = 2BAC6F2621A133F600121D04 /* Main.storyboard */; };
		2BAC6F2A21A133F900121D04 /* Assets.xcassets in Resources */ = {isa = PBXBuildFile; fileRef = 2BAC6F2921A133F900121D04 /* Assets.xcassets */; };
		2BAC6F2D21A133FA00121D04 /* LaunchScreen.storyboard in Resources */ = {isa = PBXBuildFile; fileRef = 2BAC6F2B21A133FA00121D04 /* LaunchScreen.storyboard */; };
		2BAC6F3821A133FA00121D04 /* PickerViewTests.swift in Sources */ = {isa = PBXBuildFile; fileRef = 2BAC6F3721A133FA00121D04 /* PickerViewTests.swift */; };
		2BAC6F4321A133FA00121D04 /* PickerViewUITests.swift in Sources */ = {isa = PBXBuildFile; fileRef = 2BAC6F4221A133FA00121D04 /* PickerViewUITests.swift */; };
		2BAC6F8B21A1396A00121D04 /* 2.jpg in Resources */ = {isa = PBXBuildFile; fileRef = 2BAC6F8521A1396900121D04 /* 2.jpg */; };
		2BAC6F8C21A1396A00121D04 /* 4.jpg in Resources */ = {isa = PBXBuildFile; fileRef = 2BAC6F8621A1396900121D04 /* 4.jpg */; };
		2BAC6F8E21A1396A00121D04 /* 5.jpg in Resources */ = {isa = PBXBuildFile; fileRef = 2BAC6F8821A1396A00121D04 /* 5.jpg */; };
		2BAC6F9021A1396A00121D04 /* 3.jpg in Resources */ = {isa = PBXBuildFile; fileRef = 2BAC6F8A21A1396A00121D04 /* 3.jpg */; };
/* End PBXBuildFile section */

/* Begin PBXContainerItemProxy section */
		2BAC6F3421A133FA00121D04 /* PBXContainerItemProxy */ = {
			isa = PBXContainerItemProxy;
			containerPortal = 2BAC6F1721A133F600121D04 /* Project object */;
			proxyType = 1;
			remoteGlobalIDString = 2BAC6F1E21A133F600121D04;
			remoteInfo = PickerView;
		};
		2BAC6F3F21A133FA00121D04 /* PBXContainerItemProxy */ = {
			isa = PBXContainerItemProxy;
			containerPortal = 2BAC6F1721A133F600121D04 /* Project object */;
			proxyType = 1;
			remoteGlobalIDString = 2BAC6F1E21A133F600121D04;
			remoteInfo = PickerView;
		};
/* End PBXContainerItemProxy section */

/* Begin PBXFileReference section */
		2BAC6F1F21A133F600121D04 /* PickerView.app */ = {isa = PBXFileReference; explicitFileType = wrapper.application; includeInIndex = 0; path = PickerView.app; sourceTree = BUILT_PRODUCTS_DIR; };
		2BAC6F2221A133F600121D04 /* AppDelegate.swift */ = {isa = PBXFileReference; lastKnownFileType = sourcecode.swift; path = AppDelegate.swift; sourceTree = "<group>"; };
		2BAC6F2421A133F600121D04 /* ViewController.swift */ = {isa = PBXFileReference; lastKnownFileType = sourcecode.swift; path = ViewController.swift; sourceTree = "<group>"; };
		2BAC6F2721A133F600121D04 /* Base */ = {isa = PBXFileReference; lastKnownFileType = file.storyboard; name = Base; path = Base.lproj/Main.storyboard; sourceTree = "<group>"; };
		2BAC6F2921A133F900121D04 /* Assets.xcassets */ = {isa = PBXFileReference; lastKnownFileType = folder.assetcatalog; path = Assets.xcassets; sourceTree = "<group>"; };
		2BAC6F2C21A133FA00121D04 /* Base */ = {isa = PBXFileReference; lastKnownFileType = file.storyboard; name = Base; path = Base.lproj/LaunchScreen.storyboard; sourceTree = "<group>"; };
		2BAC6F2E21A133FA00121D04 /* Info.plist */ = {isa = PBXFileReference; lastKnownFileType = text.plist.xml; path = Info.plist; sourceTree = "<group>"; };
		2BAC6F3321A133FA00121D04 /* PickerViewTests.xctest */ = {isa = PBXFileReference; explicitFileType = wrapper.cfbundle; includeInIndex = 0; path = PickerViewTests.xctest; sourceTree = BUILT_PRODUCTS_DIR; };
		2BAC6F3721A133FA00121D04 /* PickerViewTests.swift */ = {isa = PBXFileReference; lastKnownFileType = sourcecode.swift; path = PickerViewTests.swift; sourceTree = "<group>"; };
		2BAC6F3921A133FA00121D04 /* Info.plist */ = {isa = PBXFileReference; lastKnownFileType = text.plist.xml; path = Info.plist; sourceTree = "<group>"; };
		2BAC6F3E21A133FA00121D04 /* PickerViewUITests.xctest */ = {isa = PBXFileReference; explicitFileType = wrapper.cfbundle; includeInIndex = 0; path = PickerViewUITests.xctest; sourceTree = BUILT_PRODUCTS_DIR; };
		2BAC6F4221A133FA00121D04 /* PickerViewUITests.swift */ = {isa = PBXFileReference; lastKnownFileType = sourcecode.swift; path = PickerViewUITests.swift; sourceTree = "<group>"; };
		2BAC6F4421A133FA00121D04 /* Info.plist */ = {isa = PBXFileReference; lastKnownFileType = text.plist.xml; path = Info.plist; sourceTree = "<group>"; };
		2BAC6F8521A1396900121D04 /* 2.jpg */ = {isa = PBXFileReference; lastKnownFileType = image.jpeg; path = 2.jpg; sourceTree = "<group>"; };
		2BAC6F8621A1396900121D04 /* 4.jpg */ = {isa = PBXFileReference; lastKnownFileType = image.jpeg; path = 4.jpg; sourceTree = "<group>"; };
		2BAC6F8821A1396A00121D04 /* 5.jpg */ = {isa = PBXFileReference; lastKnownFileType = image.jpeg; path = 5.jpg; sourceTree = "<group>"; };
		2BAC6F8A21A1396A00121D04 /* 3.jpg */ = {isa = PBXFileReference; lastKnownFileType = image.jpeg; path = 3.jpg; sourceTree = "<group>"; };
/* End PBXFileReference section */

/* Begin PBXFrameworksBuildPhase section */
		2BAC6F1C21A133F600121D04 /* Frameworks */ = {
			isa = PBXFrameworksBuildPhase;
			buildActionMask = 2147483647;
			files = (
			);
			runOnlyForDeploymentPostprocessing = 0;
		};
		2BAC6F3021A133FA00121D04 /* Frameworks */ = {
			isa = PBXFrameworksBuildPhase;
			buildActionMask = 2147483647;
			files = (
			);
			runOnlyForDeploymentPostprocessing = 0;
		};
		2BAC6F3B21A133FA00121D04 /* Frameworks */ = {
			isa = PBXFrameworksBuildPhase;
			buildActionMask = 2147483647;
			files = (
			);
			runOnlyForDeploymentPostprocessing = 0;
		};
/* End PBXFrameworksBuildPhase section */

/* Begin PBXGroup section */
		2BAC6F1621A133F600121D04 = {
			isa = PBXGroup;
			children = (
				2BAC6F2121A133F600121D04 /* PickerView */,
				2BAC6F3621A133FA00121D04 /* PickerViewTests */,
				2BAC6F4121A133FA00121D04 /* PickerViewUITests */,
				2BAC6F2021A133F600121D04 /* Products */,
			);
			sourceTree = "<group>";
		};
		2BAC6F2021A133F600121D04 /* Products */ = {
			isa = PBXGroup;
			children = (
				2BAC6F1F21A133F600121D04 /* PickerView.app */,
				2BAC6F3321A133FA00121D04 /* PickerViewTests.xctest */,
				2BAC6F3E21A133FA00121D04 /* PickerViewUITests.xctest */,
			);
			name = Products;
			sourceTree = "<group>";
		};
		2BAC6F2121A133F600121D04 /* PickerView */ = {
			isa = PBXGroup;
			children = (
				2BAC6F9121A13D3500121D04 /* img */,
				2BAC6F2221A133F600121D04 /* AppDelegate.swift */,
				2BAC6F2421A133F600121D04 /* ViewController.swift */,
				2BAC6F2621A133F600121D04 /* Main.storyboard */,
				2BAC6F2921A133F900121D04 /* Assets.xcassets */,
				2BAC6F2B21A133FA00121D04 /* LaunchScreen.storyboard */,
				2BAC6F2E21A133FA00121D04 /* Info.plist */,
			);
			path = PickerView;
			sourceTree = "<group>";
		};
		2BAC6F3621A133FA00121D04 /* PickerViewTests */ = {
			isa = PBXGroup;
			children = (
				2BAC6F3721A133FA00121D04 /* PickerViewTests.swift */,
				2BAC6F3921A133FA00121D04 /* Info.plist */,
			);
			path = PickerViewTests;
			sourceTree = "<group>";
		};
		2BAC6F4121A133FA00121D04 /* PickerViewUITests */ = {
			isa = PBXGroup;
			children = (
				2BAC6F4221A133FA00121D04 /* PickerViewUITests.swift */,
				2BAC6F4421A133FA00121D04 /* Info.plist */,
			);
			path = PickerViewUITests;
			sourceTree = "<group>";
		};
		2BAC6F9121A13D3500121D04 /* img */ = {
			isa = PBXGroup;
			children = (
				2BAC6F8621A1396900121D04 /* 4.jpg */,
				2BAC6F8A21A1396A00121D04 /* 3.jpg */,
				2BAC6F8521A1396900121D04 /* 2.jpg */,
				2BAC6F8821A1396A00121D04 /* 5.jpg */,
			);
			path = img;
			sourceTree = "<group>";
		};
/* End PBXGroup section */

/* Begin PBXNativeTarget section */
		2BAC6F1E21A133F600121D04 /* PickerView */ = {
			isa = PBXNativeTarget;
			buildConfigurationList = 2BAC6F4721A133FA00121D04 /* Build configuration list for PBXNativeTarget "PickerView" */;
			buildPhases = (
				2BAC6F1B21A133F600121D04 /* Sources */,
				2BAC6F1C21A133F600121D04 /* Frameworks */,
				2BAC6F1D21A133F600121D04 /* Resources */,
			);
			buildRules = (
			);
			dependencies = (
			);
			name = PickerView;
			productName = PickerView;
			productReference = 2BAC6F1F21A133F600121D04 /* PickerView.app */;
			productType = "com.apple.product-type.application";
		};
		2BAC6F3221A133FA00121D04 /* PickerViewTests */ = {
			isa = PBXNativeTarget;
			buildConfigurationList = 2BAC6F4A21A133FA00121D04 /* Build configuration list for PBXNativeTarget "PickerViewTests" */;
			buildPhases = (
				2BAC6F2F21A133FA00121D04 /* Sources */,
				2BAC6F3021A133FA00121D04 /* Frameworks */,
				2BAC6F3121A133FA00121D04 /* Resources */,
			);
			buildRules = (
			);
			dependencies = (
				2BAC6F3521A133FA00121D04 /* PBXTargetDependency */,
			);
			name = PickerViewTests;
			productName = PickerViewTests;
			productReference = 2BAC6F3321A133FA00121D04 /* PickerViewTests.xctest */;
			productType = "com.apple.product-type.bundle.unit-test";
		};
		2BAC6F3D21A133FA00121D04 /* PickerViewUITests */ = {
			isa = PBXNativeTarget;
			buildConfigurationList = 2BAC6F4D21A133FA00121D04 /* Build configuration list for PBXNativeTarget "PickerViewUITests" */;
			buildPhases = (
				2BAC6F3A21A133FA00121D04 /* Sources */,
				2BAC6F3B21A133FA00121D04 /* Frameworks */,
				2BAC6F3C21A133FA00121D04 /* Resources */,
			);
			buildRules = (
			);
			dependencies = (
				2BAC6F4021A133FA00121D04 /* PBXTargetDependency */,
			);
			name = PickerViewUITests;
			productName = PickerViewUITests;
			productReference = 2BAC6F3E21A133FA00121D04 /* PickerViewUITests.xctest */;
			productType = "com.apple.product-type.bundle.ui-testing";
		};
/* End PBXNativeTarget section */

/* Begin PBXProject section */
		2BAC6F1721A133F600121D04 /* Project object */ = {
			isa = PBXProject;
			attributes = {
				LastSwiftUpdateCheck = 1010;
				LastUpgradeCheck = 1010;
				ORGANIZATIONNAME = "402-23";
				TargetAttributes = {
					2BAC6F1E21A133F600121D04 = {
						CreatedOnToolsVersion = 10.1;
					};
					2BAC6F3221A133FA00121D04 = {
						CreatedOnToolsVersion = 10.1;
						TestTargetID = 2BAC6F1E21A133F600121D04;
					};
					2BAC6F3D21A133FA00121D04 = {
						CreatedOnToolsVersion = 10.1;
						TestTargetID = 2BAC6F1E21A133F600121D04;
					};
				};
			};
			buildConfigurationList = 2BAC6F1A21A133F600121D04 /* Build configuration list for PBXProject "PickerView" */;
			compatibilityVersion = "Xcode 9.3";
			developmentRegion = en;
			hasScannedForEncodings = 0;
			knownRegions = (
				en,
				Base,
			);
			mainGroup = 2BAC6F1621A133F600121D04;
			productRefGroup = 2BAC6F2021A133F600121D04 /* Products */;
			projectDirPath = "";
			projectRoot = "";
			targets = (
				2BAC6F1E21A133F600121D04 /* PickerView */,
				2BAC6F3221A133FA00121D04 /* PickerViewTests */,
				2BAC6F3D21A133FA00121D04 /* PickerViewUITests */,
			);
		};
/* End PBXProject section */

/* Begin PBXResourcesBuildPhase section */
		2BAC6F1D21A133F600121D04 /* Resources */ = {
			isa = PBXResourcesBuildPhase;
			buildActionMask = 2147483647;
			files = (
				2BAC6F9021A1396A00121D04 /* 3.jpg in Resources */,
				2BAC6F2D21A133FA00121D04 /* LaunchScreen.storyboard in Resources */,
				2BAC6F2A21A133F900121D04 /* Assets.xcassets in Resources */,
				2BAC6F8B21A1396A00121D04 /* 2.jpg in Resources */,
				2BAC6F8E21A1396A00121D04 /* 5.jpg in Resources */,
				2BAC6F8C21A1396A00121D04 /* 4.jpg in Resources */,
				2BAC6F2821A133F600121D04 /* Main.storyboard in Resources */,
			);
			runOnlyForDeploymentPostprocessing = 0;
		};
		2BAC6F3121A133FA00121D04 /* Resources */ = {
			isa = PBXResourcesBuildPhase;
			buildActionMask = 2147483647;
			files = (
			);
			runOnlyForDeploymentPostprocessing = 0;
		};
		2BAC6F3C21A133FA00121D04 /* Resources */ = {
			isa = PBXResourcesBuildPhase;
			buildActionMask = 2147483647;
			files = (
			);
			runOnlyForDeploymentPostprocessing = 0;
		};
/* End PBXResourcesBuildPhase section */

/* Begin PBXSourcesBuildPhase section */
		2BAC6F1B21A133F600121D04 /* Sources */ = {
			isa = PBXSourcesBuildPhase;
			buildActionMask = 2147483647;
			files = (
				2BAC6F2521A133F600121D04 /* ViewController.swift in Sources */,
				2BAC6F2321A133F600121D04 /* AppDelegate.swift in Sources */,
			);
			runOnlyForDeploymentPostprocessing = 0;
		};
		2BAC6F2F21A133FA00121D04 /* Sources */ = {
			isa = PBXSourcesBuildPhase;
			buildActionMask = 2147483647;
			files = (
				2BAC6F3821A133FA00121D04 /* PickerViewTests.swift in Sources */,
			);
			runOnlyForDeploymentPostprocessing = 0;
		};
		2BAC6F3A21A133FA00121D04 /* Sources */ = {
			isa = PBXSourcesBuildPhase;
			buildActionMask = 2147483647;
			files = (
				2BAC6F4321A133FA00121D04 /* PickerViewUITests.swift in Sources */,
			);
			runOnlyForDeploymentPostprocessing = 0;
		};
/* End PBXSourcesBuildPhase section */

/* Begin PBXTargetDependency section */
		2BAC6F3521A133FA00121D04 /* PBXTargetDependency */ = {
			isa = PBXTargetDependency;
			target = 2BAC6F1E21A133F600121D04 /* PickerView */;
			targetProxy = 2BAC6F3421A133FA00121D04 /* PBXContainerItemProxy */;
		};
		2BAC6F4021A133FA00121D04 /* PBXTargetDependency */ = {
			isa = PBXTargetDependency;
			target = 2BAC6F1E21A133F600121D04 /* PickerView */;
			targetProxy = 2BAC6F3F21A133FA00121D04 /* PBXContainerItemProxy */;
		};
/* End PBXTargetDependency section */

/* Begin PBXVariantGroup section */
		2BAC6F2621A133F600121D04 /* Main.storyboard */ = {
			isa = PBXVariantGroup;
			children = (
				2BAC6F2721A133F600121D04 /* Base */,
			);
			name = Main.storyboard;
			sourceTree = "<group>";
		};
		2BAC6F2B21A133FA00121D04 /* LaunchScreen.storyboard */ = {
			isa = PBXVariantGroup;
			children = (
				2BAC6F2C21A133FA00121D04 /* Base */,
			);
			name = LaunchScreen.storyboard;
			sourceTree = "<group>";
		};
/* End PBXVariantGroup section */

/* Begin XCBuildConfiguration section */
		2BAC6F4521A133FA00121D04 /* Debug */ = {
			isa = XCBuildConfiguration;
			buildSettings = {
				ALWAYS_SEARCH_USER_PATHS = NO;
				CLANG_ANALYZER_NONNULL = YES;
				CLANG_ANALYZER_NUMBER_OBJECT_CONVERSION = YES_AGGRESSIVE;
				CLANG_CXX_LANGUAGE_STANDARD = "gnu++14";
				CLANG_CXX_LIBRARY = "libc++";
				CLANG_ENABLE_MODULES = YES;
				CLANG_ENABLE_OBJC_ARC = YES;
				CLANG_ENABLE_OBJC_WEAK = YES;
				CLANG_WARN_BLOCK_CAPTURE_AUTORELEASING = YES;
				CLANG_WARN_BOOL_CONVERSION = YES;
				CLANG_WARN_COMMA = YES;
				CLANG_WARN_CONSTANT_CONVERSION = YES;
				CLANG_WARN_DEPRECATED_OBJC_IMPLEMENTATIONS = YES;
				CLANG_WARN_DIRECT_OBJC_ISA_USAGE = YES_ERROR;
				CLANG_WARN_DOCUMENTATION_COMMENTS = YES;
				CLANG_WARN_EMPTY_BODY = YES;
				CLANG_WARN_ENUM_CONVERSION = YES;
				CLANG_WARN_INFINITE_RECURSION = YES;
				CLANG_WARN_INT_CONVERSION = YES;
				CLANG_WARN_NON_LITERAL_NULL_CONVERSION = YES;
				CLANG_WARN_OBJC_IMPLICIT_RETAIN_SELF = YES;
				CLANG_WARN_OBJC_LITERAL_CONVERSION = YES;
				CLANG_WARN_OBJC_ROOT_CLASS = YES_ERROR;
				CLANG_WARN_RANGE_LOOP_ANALYSIS = YES;
				CLANG_WARN_STRICT_PROTOTYPES = YES;
				CLANG_WARN_SUSPICIOUS_MOVE = YES;
				CLANG_WARN_UNGUARDED_AVAILABILITY = YES_AGGRESSIVE;
				CLANG_WARN_UNREACHABLE_CODE = YES;
				CLANG_WARN__DUPLICATE_METHOD_MATCH = YES;
				CODE_SIGN_IDENTITY = "iPhone Developer";
				COPY_PHASE_STRIP = NO;
				DEBUG_INFORMATION_FORMAT = dwarf;
				ENABLE_STRICT_OBJC_MSGSEND = YES;
				ENABLE_TESTABILITY = YES;
				GCC_C_LANGUAGE_STANDARD = gnu11;
				GCC_DYNAMIC_NO_PIC = NO;
				GCC_NO_COMMON_BLOCKS = YES;
				GCC_OPTIMIZATION_LEVEL = 0;
				GCC_PREPROCESSOR_DEFINITIONS = (
					"DEBUG=1",
					"$(inherited)",
				);
				GCC_WARN_64_TO_32_BIT_CONVERSION = YES;
				GCC_WARN_ABOUT_RETURN_TYPE = YES_ERROR;
				GCC_WARN_UNDECLARED_SELECTOR = YES;
				GCC_WARN_UNINITIALIZED_AUTOS = YES_AGGRESSIVE;
				GCC_WARN_UNUSED_FUNCTION = YES;
				GCC_WARN_UNUSED_VARIABLE = YES;
				IPHONEOS_DEPLOYMENT_TARGET = 12.1;
				MTL_ENABLE_DEBUG_INFO = INCLUDE_SOURCE;
				MTL_FAST_MATH = YES;
				ONLY_ACTIVE_ARCH = YES;
				SDKROOT = iphoneos;
				SWIFT_ACTIVE_COMPILATION_CONDITIONS = DEBUG;
				SWIFT_OPTIMIZATION_LEVEL = "-Onone";
			};
			name = Debug;
		};
		2BAC6F4621A133FA00121D04 /* Release */ = {
			isa = XCBuildConfiguration;
			buildSettings = {
				ALWAYS_SEARCH_USER_PATHS = NO;
				CLANG_ANALYZER_NONNULL = YES;
				CLANG_ANALYZER_NUMBER_OBJECT_CONVERSION = YES_AGGRESSIVE;
				CLANG_CXX_LANGUAGE_STANDARD = "gnu++14";
				CLANG_CXX_LIBRARY = "libc++";
				CLANG_ENABLE_MODULES = YES;
				CLANG_ENABLE_OBJC_ARC = YES;
				CLANG_ENABLE_OBJC_WEAK = YES;
				CLANG_WARN_BLOCK_CAPTURE_AUTORELEASING = YES;
				CLANG_WARN_BOOL_CONVERSION = YES;
				CLANG_WARN_COMMA = YES;
				CLANG_WARN_CONSTANT_CONVERSION = YES;
				CLANG_WARN_DEPRECATED_OBJC_IMPLEMENTATIONS = YES;
				CLANG_WARN_DIRECT_OBJC_ISA_USAGE = YES_ERROR;
				CLANG_WARN_DOCUMENTATION_COMMENTS = YES;
				CLANG_WARN_EMPTY_BODY = YES;
				CLANG_WARN_ENUM_CONVERSION = YES;
				CLANG_WARN_INFINITE_RECURSION = YES;
				CLANG_WARN_INT_CONVERSION = YES;
				CLANG_WARN_NON_LITERAL_NULL_CONVERSION = YES;
				CLANG_WARN_OBJC_IMPLICIT_RETAIN_SELF = YES;
				CLANG_WARN_OBJC_LITERAL_CONVERSION = YES;
				CLANG_WARN_OBJC_ROOT_CLASS = YES_ERROR;
				CLANG_WARN_RANGE_LOOP_ANALYSIS = YES;
				CLANG_WARN_STRICT_PROTOTYPES = YES;
				CLANG_WARN_SUSPICIOUS_MOVE = YES;
				CLANG_WARN_UNGUARDED_AVAILABILITY = YES_AGGRESSIVE;
				CLANG_WARN_UNREACHABLE_CODE = YES;
				CLANG_WARN__DUPLICATE_METHOD_MATCH = YES;
				CODE_SIGN_IDENTITY = "iPhone Developer";
				COPY_PHASE_STRIP = NO;
				DEBUG_INFORMATION_FORMAT = "dwarf-with-dsym";
				ENABLE_NS_ASSERTIONS = NO;
				ENABLE_STRICT_OBJC_MSGSEND = YES;
				GCC_C_LANGUAGE_STANDARD = gnu11;
				GCC_NO_COMMON_BLOCKS = YES;
				GCC_WARN_64_TO_32_BIT_CONVERSION = YES;
				GCC_WARN_ABOUT_RETURN_TYPE = YES_ERROR;
				GCC_WARN_UNDECLARED_SELECTOR = YES;
				GCC_WARN_UNINITIALIZED_AUTOS = YES_AGGRESSIVE;
				GCC_WARN_UNUSED_FUNCTION = YES;
				GCC_WARN_UNUSED_VARIABLE = YES;
				IPHONEOS_DEPLOYMENT_TARGET = 12.1;
				MTL_ENABLE_DEBUG_INFO = NO;
				MTL_FAST_MATH = YES;
				SDKROOT = iphoneos;
				SWIFT_COMPILATION_MODE = wholemodule;
				SWIFT_OPTIMIZATION_LEVEL = "-O";
				VALIDATE_PRODUCT = YES;
			};
			name = Release;
		};
		2BAC6F4821A133FA00121D04 /* Debug */ = {
			isa = XCBuildConfiguration;
			buildSettings = {
				ASSETCATALOG_COMPILER_APPICON_NAME = AppIcon;
				CODE_SIGN_STYLE = Automatic;
				DEVELOPMENT_TEAM = MUZB83TDC5;
				INFOPLIST_FILE = PickerView/Info.plist;
				LD_RUNPATH_SEARCH_PATHS = (
					"$(inherited)",
					"@executable_path/Frameworks",
				);
				PRODUCT_BUNDLE_IDENTIFIER = ljh0928.PickerView;
				PRODUCT_NAME = "$(TARGET_NAME)";
				SWIFT_VERSION = 4.2;
				TARGETED_DEVICE_FAMILY = "1,2";
			};
			name = Debug;
		};
		2BAC6F4921A133FA00121D04 /* Release */ = {
			isa = XCBuildConfiguration;
			buildSettings = {
				ASSETCATALOG_COMPILER_APPICON_NAME = AppIcon;
				CODE_SIGN_STYLE = Automatic;
				DEVELOPMENT_TEAM = MUZB83TDC5;
				INFOPLIST_FILE = PickerView/Info.plist;
				LD_RUNPATH_SEARCH_PATHS = (
					"$(inherited)",
					"@executable_path/Frameworks",
				);
				PRODUCT_BUNDLE_IDENTIFIER = ljh0928.PickerView;
				PRODUCT_NAME = "$(TARGET_NAME)";
				SWIFT_VERSION = 4.2;
				TARGETED_DEVICE_FAMILY = "1,2";
			};
			name = Release;
		};
		2BAC6F4B21A133FA00121D04 /* Debug */ = {
			isa = XCBuildConfiguration;
			buildSettings = {
				ALWAYS_EMBED_SWIFT_STANDARD_LIBRARIES = YES;
				BUNDLE_LOADER = "$(TEST_HOST)";
				CODE_SIGN_STYLE = Automatic;
				DEVELOPMENT_TEAM = MUZB83TDC5;
				INFOPLIST_FILE = PickerViewTests/Info.plist;
				LD_RUNPATH_SEARCH_PATHS = (
					"$(inherited)",
					"@executable_path/Frameworks",
					"@loader_path/Frameworks",
				);
				PRODUCT_BUNDLE_IDENTIFIER = ljh0928.PickerViewTests;
				PRODUCT_NAME = "$(TARGET_NAME)";
				SWIFT_VERSION = 4.2;
				TARGETED_DEVICE_FAMILY = "1,2";
				TEST_HOST = "$(BUILT_PRODUCTS_DIR)/PickerView.app/PickerView";
			};
			name = Debug;
		};
		2BAC6F4C21A133FA00121D04 /* Release */ = {
			isa = XCBuildConfiguration;
			buildSettings = {
				ALWAYS_EMBED_SWIFT_STANDARD_LIBRARIES = YES;
				BUNDLE_LOADER = "$(TEST_HOST)";
				CODE_SIGN_STYLE = Automatic;
				DEVELOPMENT_TEAM = MUZB83TDC5;
				INFOPLIST_FILE = PickerViewTests/Info.plist;
				LD_RUNPATH_SEARCH_PATHS = (
					"$(inherited)",
					"@executable_path/Frameworks",
					"@loader_path/Frameworks",
				);
				PRODUCT_BUNDLE_IDENTIFIER = ljh0928.PickerViewTests;
				PRODUCT_NAME = "$(TARGET_NAME)";
				SWIFT_VERSION = 4.2;
				TARGETED_DEVICE_FAMILY = "1,2";
				TEST_HOST = "$(BUILT_PRODUCTS_DIR)/PickerView.app/PickerView";
			};
			name = Release;
		};
		2BAC6F4E21A133FA00121D04 /* Debug */ = {
			isa = XCBuildConfiguration;
			buildSettings = {
				ALWAYS_EMBED_SWIFT_STANDARD_LIBRARIES = YES;
				CODE_SIGN_STYLE = Automatic;
				DEVELOPMENT_TEAM = MUZB83TDC5;
				INFOPLIST_FILE = PickerViewUITests/Info.plist;
				LD_RUNPATH_SEARCH_PATHS = (
					"$(inherited)",
					"@executable_path/Frameworks",
					"@loader_path/Frameworks",
				);
				PRODUCT_BUNDLE_IDENTIFIER = ljh0928.PickerViewUITests;
				PRODUCT_NAME = "$(TARGET_NAME)";
				SWIFT_VERSION = 4.2;
				TARGETED_DEVICE_FAMILY = "1,2";
				TEST_TARGET_NAME = PickerView;
			};
			name = Debug;
		};
		2BAC6F4F21A133FA00121D04 /* Release */ = {
			isa = XCBuildConfiguration;
			buildSettings = {
				ALWAYS_EMBED_SWIFT_STANDARD_LIBRARIES = YES;
				CODE_SIGN_STYLE = Automatic;
				DEVELOPMENT_TEAM = MUZB83TDC5;
				INFOPLIST_FILE = PickerViewUITests/Info.plist;
				LD_RUNPATH_SEARCH_PATHS = (
					"$(inherited)",
					"@executable_path/Frameworks",
					"@loader_path/Frameworks",
				);
				PRODUCT_BUNDLE_IDENTIFIER = ljh0928.PickerViewUITests;
				PRODUCT_NAME = "$(TARGET_NAME)";
				SWIFT_VERSION = 4.2;
				TARGETED_DEVICE_FAMILY = "1,2";
				TEST_TARGET_NAME = PickerView;
			};
			name = Release;
		};
/* End XCBuildConfiguration section */

/* Begin XCConfigurationList section */
		2BAC6F1A21A133F600121D04 /* Build configuration list for PBXProject "PickerView" */ = {
			isa = XCConfigurationList;
			buildConfigurations = (
				2BAC6F4521A133FA00121D04 /* Debug */,
				2BAC6F4621A133FA00121D04 /* Release */,
			);
			defaultConfigurationIsVisible = 0;
			defaultConfigurationName = Release;
		};
		2BAC6F4721A133FA00121D04 /* Build configuration list for PBXNativeTarget "PickerView" */ = {
			isa = XCConfigurationList;
			buildConfigurations = (
				2BAC6F4821A133FA00121D04 /* Debug */,
				2BAC6F4921A133FA00121D04 /* Release */,
			);
			defaultConfigurationIsVisible = 0;
			defaultConfigurationName = Release;
		};
		2BAC6F4A21A133FA00121D04 /* Build configuration list for PBXNativeTarget "PickerViewTests" */ = {
			isa = XCConfigurationList;
			buildConfigurations = (
				2BAC6F4B21A133FA00121D04 /* Debug */,
				2BAC6F4C21A133FA00121D04 /* Release */,
			);
			defaultConfigurationIsVisible = 0;
			defaultConfigurationName = Release;
		};
		2BAC6F4D21A133FA00121D04 /* Build configuration list for PBXNativeTarget "PickerViewUITests" */ = {
			isa = XCConfigurationList;
			buildConfigurations = (
				2BAC6F4E21A133FA00121D04 /* Debug */,
				2BAC6F4F21A133FA00121D04 /* Release */,
			);
			defaultConfigurationIsVisible = 0;
			defaultConfigurationName = Release;
		};
/* End XCConfigurationList section */
	};
	rootObject = 2BAC6F1721A133F600121D04 /* Project object */;
}
