// !$*UTF8*$!
{
	archiveVersion = 1;
	classes = {
	};
	objectVersion = 50;
	objects = {

/* Begin PBXBuildFile section */
		EB3F20B021AA3FFA000B209C /* AppDelegate.swift in Sources */ = {isa = PBXBuildFile; fileRef = EB3F20AF21AA3FFA000B209C /* AppDelegate.swift */; };
		EB3F20B221AA3FFA000B209C /* ViewController.swift in Sources */ = {isa = PBXBuildFile; fileRef = EB3F20B121AA3FFA000B209C /* ViewController.swift */; };
		EB3F20B521AA3FFA000B209C /* Main.storyboard in Resources */ = {isa = PBXBuildFile; fileRef = EB3F20B321AA3FFA000B209C /* Main.storyboard */; };
		EB3F20B721AA4002000B209C /* Assets.xcassets in Resources */ = {isa = PBXBuildFile; fileRef = EB3F20B621AA4002000B209C /* Assets.xcassets */; };
		EB3F20BA21AA4002000B209C /* LaunchScreen.storyboard in Resources */ = {isa = PBXBuildFile; fileRef = EB3F20B821AA4002000B209C /* LaunchScreen.storyboard */; };
		EB3F20C521AA4002000B209C /* MapTests.swift in Sources */ = {isa = PBXBuildFile; fileRef = EB3F20C421AA4002000B209C /* MapTests.swift */; };
		EB3F20D021AA4002000B209C /* MapUITests.swift in Sources */ = {isa = PBXBuildFile; fileRef = EB3F20CF21AA4002000B209C /* MapUITests.swift */; };
/* End PBXBuildFile section */

/* Begin PBXContainerItemProxy section */
		EB3F20C121AA4002000B209C /* PBXContainerItemProxy */ = {
			isa = PBXContainerItemProxy;
			containerPortal = EB3F20A421AA3FFA000B209C /* Project object */;
			proxyType = 1;
			remoteGlobalIDString = EB3F20AB21AA3FFA000B209C;
			remoteInfo = Map;
		};
		EB3F20CC21AA4002000B209C /* PBXContainerItemProxy */ = {
			isa = PBXContainerItemProxy;
			containerPortal = EB3F20A421AA3FFA000B209C /* Project object */;
			proxyType = 1;
			remoteGlobalIDString = EB3F20AB21AA3FFA000B209C;
			remoteInfo = Map;
		};
/* End PBXContainerItemProxy section */

/* Begin PBXFileReference section */
		EB3F20AC21AA3FFA000B209C /* Map.app */ = {isa = PBXFileReference; explicitFileType = wrapper.application; includeInIndex = 0; path = Map.app; sourceTree = BUILT_PRODUCTS_DIR; };
		EB3F20AF21AA3FFA000B209C /* AppDelegate.swift */ = {isa = PBXFileReference; lastKnownFileType = sourcecode.swift; path = AppDelegate.swift; sourceTree = "<group>"; };
		EB3F20B121AA3FFA000B209C /* ViewController.swift */ = {isa = PBXFileReference; lastKnownFileType = sourcecode.swift; path = ViewController.swift; sourceTree = "<group>"; };
		EB3F20B421AA3FFA000B209C /* Base */ = {isa = PBXFileReference; lastKnownFileType = file.storyboard; name = Base; path = Base.lproj/Main.storyboard; sourceTree = "<group>"; };
		EB3F20B621AA4002000B209C /* Assets.xcassets */ = {isa = PBXFileReference; lastKnownFileType = folder.assetcatalog; path = Assets.xcassets; sourceTree = "<group>"; };
		EB3F20B921AA4002000B209C /* Base */ = {isa = PBXFileReference; lastKnownFileType = file.storyboard; name = Base; path = Base.lproj/LaunchScreen.storyboard; sourceTree = "<group>"; };
		EB3F20BB21AA4002000B209C /* Info.plist */ = {isa = PBXFileReference; lastKnownFileType = text.plist.xml; path = Info.plist; sourceTree = "<group>"; };
		EB3F20C021AA4002000B209C /* MapTests.xctest */ = {isa = PBXFileReference; explicitFileType = wrapper.cfbundle; includeInIndex = 0; path = MapTests.xctest; sourceTree = BUILT_PRODUCTS_DIR; };
		EB3F20C421AA4002000B209C /* MapTests.swift */ = {isa = PBXFileReference; lastKnownFileType = sourcecode.swift; path = MapTests.swift; sourceTree = "<group>"; };
		EB3F20C621AA4002000B209C /* Info.plist */ = {isa = PBXFileReference; lastKnownFileType = text.plist.xml; path = Info.plist; sourceTree = "<group>"; };
		EB3F20CB21AA4002000B209C /* MapUITests.xctest */ = {isa = PBXFileReference; explicitFileType = wrapper.cfbundle; includeInIndex = 0; path = MapUITests.xctest; sourceTree = BUILT_PRODUCTS_DIR; };
		EB3F20CF21AA4002000B209C /* MapUITests.swift */ = {isa = PBXFileReference; lastKnownFileType = sourcecode.swift; path = MapUITests.swift; sourceTree = "<group>"; };
		EB3F20D121AA4002000B209C /* Info.plist */ = {isa = PBXFileReference; lastKnownFileType = text.plist.xml; path = Info.plist; sourceTree = "<group>"; };
/* End PBXFileReference section */

/* Begin PBXFrameworksBuildPhase section */
		EB3F20A921AA3FFA000B209C /* Frameworks */ = {
			isa = PBXFrameworksBuildPhase;
			buildActionMask = 2147483647;
			files = (
			);
			runOnlyForDeploymentPostprocessing = 0;
		};
		EB3F20BD21AA4002000B209C /* Frameworks */ = {
			isa = PBXFrameworksBuildPhase;
			buildActionMask = 2147483647;
			files = (
			);
			runOnlyForDeploymentPostprocessing = 0;
		};
		EB3F20C821AA4002000B209C /* Frameworks */ = {
			isa = PBXFrameworksBuildPhase;
			buildActionMask = 2147483647;
			files = (
			);
			runOnlyForDeploymentPostprocessing = 0;
		};
/* End PBXFrameworksBuildPhase section */

/* Begin PBXGroup section */
		EB3F20A321AA3FFA000B209C = {
			isa = PBXGroup;
			children = (
				EB3F20AE21AA3FFA000B209C /* Map */,
				EB3F20C321AA4002000B209C /* MapTests */,
				EB3F20CE21AA4002000B209C /* MapUITests */,
				EB3F20AD21AA3FFA000B209C /* Products */,
			);
			sourceTree = "<group>";
		};
		EB3F20AD21AA3FFA000B209C /* Products */ = {
			isa = PBXGroup;
			children = (
				EB3F20AC21AA3FFA000B209C /* Map.app */,
				EB3F20C021AA4002000B209C /* MapTests.xctest */,
				EB3F20CB21AA4002000B209C /* MapUITests.xctest */,
			);
			name = Products;
			sourceTree = "<group>";
		};
		EB3F20AE21AA3FFA000B209C /* Map */ = {
			isa = PBXGroup;
			children = (
				EB3F20AF21AA3FFA000B209C /* AppDelegate.swift */,
				EB3F20B121AA3FFA000B209C /* ViewController.swift */,
				EB3F20B321AA3FFA000B209C /* Main.storyboard */,
				EB3F20B621AA4002000B209C /* Assets.xcassets */,
				EB3F20B821AA4002000B209C /* LaunchScreen.storyboard */,
				EB3F20BB21AA4002000B209C /* Info.plist */,
			);
			path = Map;
			sourceTree = "<group>";
		};
		EB3F20C321AA4002000B209C /* MapTests */ = {
			isa = PBXGroup;
			children = (
				EB3F20C421AA4002000B209C /* MapTests.swift */,
				EB3F20C621AA4002000B209C /* Info.plist */,
			);
			path = MapTests;
			sourceTree = "<group>";
		};
		EB3F20CE21AA4002000B209C /* MapUITests */ = {
			isa = PBXGroup;
			children = (
				EB3F20CF21AA4002000B209C /* MapUITests.swift */,
				EB3F20D121AA4002000B209C /* Info.plist */,
			);
			path = MapUITests;
			sourceTree = "<group>";
		};
/* End PBXGroup section */

/* Begin PBXNativeTarget section */
		EB3F20AB21AA3FFA000B209C /* Map */ = {
			isa = PBXNativeTarget;
			buildConfigurationList = EB3F20D421AA4002000B209C /* Build configuration list for PBXNativeTarget "Map" */;
			buildPhases = (
				EB3F20A821AA3FFA000B209C /* Sources */,
				EB3F20A921AA3FFA000B209C /* Frameworks */,
				EB3F20AA21AA3FFA000B209C /* Resources */,
			);
			buildRules = (
			);
			dependencies = (
			);
			name = Map;
			productName = Map;
			productReference = EB3F20AC21AA3FFA000B209C /* Map.app */;
			productType = "com.apple.product-type.application";
		};
		EB3F20BF21AA4002000B209C /* MapTests */ = {
			isa = PBXNativeTarget;
			buildConfigurationList = EB3F20D721AA4002000B209C /* Build configuration list for PBXNativeTarget "MapTests" */;
			buildPhases = (
				EB3F20BC21AA4002000B209C /* Sources */,
				EB3F20BD21AA4002000B209C /* Frameworks */,
				EB3F20BE21AA4002000B209C /* Resources */,
			);
			buildRules = (
			);
			dependencies = (
				EB3F20C221AA4002000B209C /* PBXTargetDependency */,
			);
			name = MapTests;
			productName = MapTests;
			productReference = EB3F20C021AA4002000B209C /* MapTests.xctest */;
			productType = "com.apple.product-type.bundle.unit-test";
		};
		EB3F20CA21AA4002000B209C /* MapUITests */ = {
			isa = PBXNativeTarget;
			buildConfigurationList = EB3F20DA21AA4002000B209C /* Build configuration list for PBXNativeTarget "MapUITests" */;
			buildPhases = (
				EB3F20C721AA4002000B209C /* Sources */,
				EB3F20C821AA4002000B209C /* Frameworks */,
				EB3F20C921AA4002000B209C /* Resources */,
			);
			buildRules = (
			);
			dependencies = (
				EB3F20CD21AA4002000B209C /* PBXTargetDependency */,
			);
			name = MapUITests;
			productName = MapUITests;
			productReference = EB3F20CB21AA4002000B209C /* MapUITests.xctest */;
			productType = "com.apple.product-type.bundle.ui-testing";
		};
/* End PBXNativeTarget section */

/* Begin PBXProject section */
		EB3F20A421AA3FFA000B209C /* Project object */ = {
			isa = PBXProject;
			attributes = {
				LastSwiftUpdateCheck = 1010;
				LastUpgradeCheck = 1010;
				ORGANIZATIONNAME = "402-24";
				TargetAttributes = {
					EB3F20AB21AA3FFA000B209C = {
						CreatedOnToolsVersion = 10.1;
					};
					EB3F20BF21AA4002000B209C = {
						CreatedOnToolsVersion = 10.1;
						TestTargetID = EB3F20AB21AA3FFA000B209C;
					};
					EB3F20CA21AA4002000B209C = {
						CreatedOnToolsVersion = 10.1;
						TestTargetID = EB3F20AB21AA3FFA000B209C;
					};
				};
			};
			buildConfigurationList = EB3F20A721AA3FFA000B209C /* Build configuration list for PBXProject "Map" */;
			compatibilityVersion = "Xcode 9.3";
			developmentRegion = en;
			hasScannedForEncodings = 0;
			knownRegions = (
				en,
				Base,
			);
			mainGroup = EB3F20A321AA3FFA000B209C;
			productRefGroup = EB3F20AD21AA3FFA000B209C /* Products */;
			projectDirPath = "";
			projectRoot = "";
			targets = (
				EB3F20AB21AA3FFA000B209C /* Map */,
				EB3F20BF21AA4002000B209C /* MapTests */,
				EB3F20CA21AA4002000B209C /* MapUITests */,
			);
		};
/* End PBXProject section */

/* Begin PBXResourcesBuildPhase section */
		EB3F20AA21AA3FFA000B209C /* Resources */ = {
			isa = PBXResourcesBuildPhase;
			buildActionMask = 2147483647;
			files = (
				EB3F20BA21AA4002000B209C /* LaunchScreen.storyboard in Resources */,
				EB3F20B721AA4002000B209C /* Assets.xcassets in Resources */,
				EB3F20B521AA3FFA000B209C /* Main.storyboard in Resources */,
			);
			runOnlyForDeploymentPostprocessing = 0;
		};
		EB3F20BE21AA4002000B209C /* Resources */ = {
			isa = PBXResourcesBuildPhase;
			buildActionMask = 2147483647;
			files = (
			);
			runOnlyForDeploymentPostprocessing = 0;
		};
		EB3F20C921AA4002000B209C /* Resources */ = {
			isa = PBXResourcesBuildPhase;
			buildActionMask = 2147483647;
			files = (
			);
			runOnlyForDeploymentPostprocessing = 0;
		};
/* End PBXResourcesBuildPhase section */

/* Begin PBXSourcesBuildPhase section */
		EB3F20A821AA3FFA000B209C /* Sources */ = {
			isa = PBXSourcesBuildPhase;
			buildActionMask = 2147483647;
			files = (
				EB3F20B221AA3FFA000B209C /* ViewController.swift in Sources */,
				EB3F20B021AA3FFA000B209C /* AppDelegate.swift in Sources */,
			);
			runOnlyForDeploymentPostprocessing = 0;
		};
		EB3F20BC21AA4002000B209C /* Sources */ = {
			isa = PBXSourcesBuildPhase;
			buildActionMask = 2147483647;
			files = (
				EB3F20C521AA4002000B209C /* MapTests.swift in Sources */,
			);
			runOnlyForDeploymentPostprocessing = 0;
		};
		EB3F20C721AA4002000B209C /* Sources */ = {
			isa = PBXSourcesBuildPhase;
			buildActionMask = 2147483647;
			files = (
				EB3F20D021AA4002000B209C /* MapUITests.swift in Sources */,
			);
			runOnlyForDeploymentPostprocessing = 0;
		};
/* End PBXSourcesBuildPhase section */

/* Begin PBXTargetDependency section */
		EB3F20C221AA4002000B209C /* PBXTargetDependency */ = {
			isa = PBXTargetDependency;
			target = EB3F20AB21AA3FFA000B209C /* Map */;
			targetProxy = EB3F20C121AA4002000B209C /* PBXContainerItemProxy */;
		};
		EB3F20CD21AA4002000B209C /* PBXTargetDependency */ = {
			isa = PBXTargetDependency;
			target = EB3F20AB21AA3FFA000B209C /* Map */;
			targetProxy = EB3F20CC21AA4002000B209C /* PBXContainerItemProxy */;
		};
/* End PBXTargetDependency section */

/* Begin PBXVariantGroup section */
		EB3F20B321AA3FFA000B209C /* Main.storyboard */ = {
			isa = PBXVariantGroup;
			children = (
				EB3F20B421AA3FFA000B209C /* Base */,
			);
			name = Main.storyboard;
			sourceTree = "<group>";
		};
		EB3F20B821AA4002000B209C /* LaunchScreen.storyboard */ = {
			isa = PBXVariantGroup;
			children = (
				EB3F20B921AA4002000B209C /* Base */,
			);
			name = LaunchScreen.storyboard;
			sourceTree = "<group>";
		};
/* End PBXVariantGroup section */

/* Begin XCBuildConfiguration section */
		EB3F20D221AA4002000B209C /* Debug */ = {
			isa = XCBuildConfiguration;
			buildSettings = {
				ALWAYS_SEARCH_USER_PATHS = NO;
				CLANG_ANALYZER_NONNULL = YES;
				CLANG_ANALYZER_NUMBER_OBJECT_CONVERSION = YES_AGGRESSIVE;
				CLANG_CXX_LANGUAGE_STANDARD = "gnu++14";
				CLANG_CXX_LIBRARY = "libc++";
				CLANG_ENABLE_MODULES = YES;
				CLANG_ENABLE_OBJC_ARC = YES;
				CLANG_ENABLE_OBJC_WEAK = YES;
				CLANG_WARN_BLOCK_CAPTURE_AUTORELEASING = YES;
				CLANG_WARN_BOOL_CONVERSION = YES;
				CLANG_WARN_COMMA = YES;
				CLANG_WARN_CONSTANT_CONVERSION = YES;
				CLANG_WARN_DEPRECATED_OBJC_IMPLEMENTATIONS = YES;
				CLANG_WARN_DIRECT_OBJC_ISA_USAGE = YES_ERROR;
				CLANG_WARN_DOCUMENTATION_COMMENTS = YES;
				CLANG_WARN_EMPTY_BODY = YES;
				CLANG_WARN_ENUM_CONVERSION = YES;
				CLANG_WARN_INFINITE_RECURSION = YES;
				CLANG_WARN_INT_CONVERSION = YES;
				CLANG_WARN_NON_LITERAL_NULL_CONVERSION = YES;
				CLANG_WARN_OBJC_IMPLICIT_RETAIN_SELF = YES;
				CLANG_WARN_OBJC_LITERAL_CONVERSION = YES;
				CLANG_WARN_OBJC_ROOT_CLASS = YES_ERROR;
				CLANG_WARN_RANGE_LOOP_ANALYSIS = YES;
				CLANG_WARN_STRICT_PROTOTYPES = YES;
				CLANG_WARN_SUSPICIOUS_MOVE = YES;
				CLANG_WARN_UNGUARDED_AVAILABILITY = YES_AGGRESSIVE;
				CLANG_WARN_UNREACHABLE_CODE = YES;
				CLANG_WARN__DUPLICATE_METHOD_MATCH = YES;
				CODE_SIGN_IDENTITY = "iPhone Developer";
				COPY_PHASE_STRIP = NO;
				DEBUG_INFORMATION_FORMAT = dwarf;
				ENABLE_STRICT_OBJC_MSGSEND = YES;
				ENABLE_TESTABILITY = YES;
				GCC_C_LANGUAGE_STANDARD = gnu11;
				GCC_DYNAMIC_NO_PIC = NO;
				GCC_NO_COMMON_BLOCKS = YES;
				GCC_OPTIMIZATION_LEVEL = 0;
				GCC_PREPROCESSOR_DEFINITIONS = (
					"DEBUG=1",
					"$(inherited)",
				);
				GCC_WARN_64_TO_32_BIT_CONVERSION = YES;
				GCC_WARN_ABOUT_RETURN_TYPE = YES_ERROR;
				GCC_WARN_UNDECLARED_SELECTOR = YES;
				GCC_WARN_UNINITIALIZED_AUTOS = YES_AGGRESSIVE;
				GCC_WARN_UNUSED_FUNCTION = YES;
				GCC_WARN_UNUSED_VARIABLE = YES;
				IPHONEOS_DEPLOYMENT_TARGET = 12.1;
				MTL_ENABLE_DEBUG_INFO = INCLUDE_SOURCE;
				MTL_FAST_MATH = YES;
				ONLY_ACTIVE_ARCH = YES;
				SDKROOT = iphoneos;
				SWIFT_ACTIVE_COMPILATION_CONDITIONS = DEBUG;
				SWIFT_OPTIMIZATION_LEVEL = "-Onone";
			};
			name = Debug;
		};
		EB3F20D321AA4002000B209C /* Release */ = {
			isa = XCBuildConfiguration;
			buildSettings = {
				ALWAYS_SEARCH_USER_PATHS = NO;
				CLANG_ANALYZER_NONNULL = YES;
				CLANG_ANALYZER_NUMBER_OBJECT_CONVERSION = YES_AGGRESSIVE;
				CLANG_CXX_LANGUAGE_STANDARD = "gnu++14";
				CLANG_CXX_LIBRARY = "libc++";
				CLANG_ENABLE_MODULES = YES;
				CLANG_ENABLE_OBJC_ARC = YES;
				CLANG_ENABLE_OBJC_WEAK = YES;
				CLANG_WARN_BLOCK_CAPTURE_AUTORELEASING = YES;
				CLANG_WARN_BOOL_CONVERSION = YES;
				CLANG_WARN_COMMA = YES;
				CLANG_WARN_CONSTANT_CONVERSION = YES;
				CLANG_WARN_DEPRECATED_OBJC_IMPLEMENTATIONS = YES;
				CLANG_WARN_DIRECT_OBJC_ISA_USAGE = YES_ERROR;
				CLANG_WARN_DOCUMENTATION_COMMENTS = YES;
				CLANG_WARN_EMPTY_BODY = YES;
				CLANG_WARN_ENUM_CONVERSION = YES;
				CLANG_WARN_INFINITE_RECURSION = YES;
				CLANG_WARN_INT_CONVERSION = YES;
				CLANG_WARN_NON_LITERAL_NULL_CONVERSION = YES;
				CLANG_WARN_OBJC_IMPLICIT_RETAIN_SELF = YES;
				CLANG_WARN_OBJC_LITERAL_CONVERSION = YES;
				CLANG_WARN_OBJC_ROOT_CLASS = YES_ERROR;
				CLANG_WARN_RANGE_LOOP_ANALYSIS = YES;
				CLANG_WARN_STRICT_PROTOTYPES = YES;
				CLANG_WARN_SUSPICIOUS_MOVE = YES;
				CLANG_WARN_UNGUARDED_AVAILABILITY = YES_AGGRESSIVE;
				CLANG_WARN_UNREACHABLE_CODE = YES;
				CLANG_WARN__DUPLICATE_METHOD_MATCH = YES;
				CODE_SIGN_IDENTITY = "iPhone Developer";
				COPY_PHASE_STRIP = NO;
				DEBUG_INFORMATION_FORMAT = "dwarf-with-dsym";
				ENABLE_NS_ASSERTIONS = NO;
				ENABLE_STRICT_OBJC_MSGSEND = YES;
				GCC_C_LANGUAGE_STANDARD = gnu11;
				GCC_NO_COMMON_BLOCKS = YES;
				GCC_WARN_64_TO_32_BIT_CONVERSION = YES;
				GCC_WARN_ABOUT_RETURN_TYPE = YES_ERROR;
				GCC_WARN_UNDECLARED_SELECTOR = YES;
				GCC_WARN_UNINITIALIZED_AUTOS = YES_AGGRESSIVE;
				GCC_WARN_UNUSED_FUNCTION = YES;
				GCC_WARN_UNUSED_VARIABLE = YES;
				IPHONEOS_DEPLOYMENT_TARGET = 12.1;
				MTL_ENABLE_DEBUG_INFO = NO;
				MTL_FAST_MATH = YES;
				SDKROOT = iphoneos;
				SWIFT_COMPILATION_MODE = wholemodule;
				SWIFT_OPTIMIZATION_LEVEL = "-O";
				VALIDATE_PRODUCT = YES;
			};
			name = Release;
		};
		EB3F20D521AA4002000B209C /* Debug */ = {
			isa = XCBuildConfiguration;
			buildSettings = {
				ASSETCATALOG_COMPILER_APPICON_NAME = AppIcon;
				CODE_SIGN_STYLE = Automatic;
				INFOPLIST_FILE = Map/Info.plist;
				LD_RUNPATH_SEARCH_PATHS = (
					"$(inherited)",
					"@executable_path/Frameworks",
				);
				PRODUCT_BUNDLE_IDENTIFIER = thejoeun.Map;
				PRODUCT_NAME = "$(TARGET_NAME)";
				SWIFT_VERSION = 4.2;
				TARGETED_DEVICE_FAMILY = "1,2";
			};
			name = Debug;
		};
		EB3F20D621AA4002000B209C /* Release */ = {
			isa = XCBuildConfiguration;
			buildSettings = {
				ASSETCATALOG_COMPILER_APPICON_NAME = AppIcon;
				CODE_SIGN_STYLE = Automatic;
				INFOPLIST_FILE = Map/Info.plist;
				LD_RUNPATH_SEARCH_PATHS = (
					"$(inherited)",
					"@executable_path/Frameworks",
				);
				PRODUCT_BUNDLE_IDENTIFIER = thejoeun.Map;
				PRODUCT_NAME = "$(TARGET_NAME)";
				SWIFT_VERSION = 4.2;
				TARGETED_DEVICE_FAMILY = "1,2";
			};
			name = Release;
		};
		EB3F20D821AA4002000B209C /* Debug */ = {
			isa = XCBuildConfiguration;
			buildSettings = {
				ALWAYS_EMBED_SWIFT_STANDARD_LIBRARIES = YES;
				BUNDLE_LOADER = "$(TEST_HOST)";
				CODE_SIGN_STYLE = Automatic;
				INFOPLIST_FILE = MapTests/Info.plist;
				LD_RUNPATH_SEARCH_PATHS = (
					"$(inherited)",
					"@executable_path/Frameworks",
					"@loader_path/Frameworks",
				);
				PRODUCT_BUNDLE_IDENTIFIER = thejoeun.MapTests;
				PRODUCT_NAME = "$(TARGET_NAME)";
				SWIFT_VERSION = 4.2;
				TARGETED_DEVICE_FAMILY = "1,2";
				TEST_HOST = "$(BUILT_PRODUCTS_DIR)/Map.app/Map";
			};
			name = Debug;
		};
		EB3F20D921AA4002000B209C /* Release */ = {
			isa = XCBuildConfiguration;
			buildSettings = {
				ALWAYS_EMBED_SWIFT_STANDARD_LIBRARIES = YES;
				BUNDLE_LOADER = "$(TEST_HOST)";
				CODE_SIGN_STYLE = Automatic;
				INFOPLIST_FILE = MapTests/Info.plist;
				LD_RUNPATH_SEARCH_PATHS = (
					"$(inherited)",
					"@executable_path/Frameworks",
					"@loader_path/Frameworks",
				);
				PRODUCT_BUNDLE_IDENTIFIER = thejoeun.MapTests;
				PRODUCT_NAME = "$(TARGET_NAME)";
				SWIFT_VERSION = 4.2;
				TARGETED_DEVICE_FAMILY = "1,2";
				TEST_HOST = "$(BUILT_PRODUCTS_DIR)/Map.app/Map";
			};
			name = Release;
		};
		EB3F20DB21AA4002000B209C /* Debug */ = {
			isa = XCBuildConfiguration;
			buildSettings = {
				ALWAYS_EMBED_SWIFT_STANDARD_LIBRARIES = YES;
				CODE_SIGN_STYLE = Automatic;
				INFOPLIST_FILE = MapUITests/Info.plist;
				LD_RUNPATH_SEARCH_PATHS = (
					"$(inherited)",
					"@executable_path/Frameworks",
					"@loader_path/Frameworks",
				);
				PRODUCT_BUNDLE_IDENTIFIER = thejoeun.MapUITests;
				PRODUCT_NAME = "$(TARGET_NAME)";
				SWIFT_VERSION = 4.2;
				TARGETED_DEVICE_FAMILY = "1,2";
				TEST_TARGET_NAME = Map;
			};
			name = Debug;
		};
		EB3F20DC21AA4002000B209C /* Release */ = {
			isa = XCBuildConfiguration;
			buildSettings = {
				ALWAYS_EMBED_SWIFT_STANDARD_LIBRARIES = YES;
				CODE_SIGN_STYLE = Automatic;
				INFOPLIST_FILE = MapUITests/Info.plist;
				LD_RUNPATH_SEARCH_PATHS = (
					"$(inherited)",
					"@executable_path/Frameworks",
					"@loader_path/Frameworks",
				);
				PRODUCT_BUNDLE_IDENTIFIER = thejoeun.MapUITests;
				PRODUCT_NAME = "$(TARGET_NAME)";
				SWIFT_VERSION = 4.2;
				TARGETED_DEVICE_FAMILY = "1,2";
				TEST_TARGET_NAME = Map;
			};
			name = Release;
		};
/* End XCBuildConfiguration section */

/* Begin XCConfigurationList section */
		EB3F20A721AA3FFA000B209C /* Build configuration list for PBXProject "Map" */ = {
			isa = XCConfigurationList;
			buildConfigurations = (
				EB3F20D221AA4002000B209C /* Debug */,
				EB3F20D321AA4002000B209C /* Release */,
			);
			defaultConfigurationIsVisible = 0;
			defaultConfigurationName = Release;
		};
		EB3F20D421AA4002000B209C /* Build configuration list for PBXNativeTarget "Map" */ = {
			isa = XCConfigurationList;
			buildConfigurations = (
				EB3F20D521AA4002000B209C /* Debug */,
				EB3F20D621AA4002000B209C /* Release */,
			);
			defaultConfigurationIsVisible = 0;
			defaultConfigurationName = Release;
		};
		EB3F20D721AA4002000B209C /* Build configuration list for PBXNativeTarget "MapTests" */ = {
			isa = XCConfigurationList;
			buildConfigurations = (
				EB3F20D821AA4002000B209C /* Debug */,
				EB3F20D921AA4002000B209C /* Release */,
			);
			defaultConfigurationIsVisible = 0;
			defaultConfigurationName = Release;
		};
		EB3F20DA21AA4002000B209C /* Build configuration list for PBXNativeTarget "MapUITests" */ = {
			isa = XCConfigurationList;
			buildConfigurations = (
				EB3F20DB21AA4002000B209C /* Debug */,
				EB3F20DC21AA4002000B209C /* Release */,
			);
			defaultConfigurationIsVisible = 0;
			defaultConfigurationName = Release;
		};
/* End XCConfigurationList section */
	};
	rootObject = EB3F20A421AA3FFA000B209C /* Project object */;
}
