// !$*UTF8*$!
{
	archiveVersion = 1;
	classes = {
	};
	objectVersion = 50;
	objects = {

/* Begin PBXBuildFile section */
		2B75329421A8F03D00666522 /* AppDelegate.swift in Sources */ = {isa = PBXBuildFile; fileRef = 2B75329321A8F03D00666522 /* AppDelegate.swift */; };
		2B75329621A8F03D00666522 /* ViewController.swift in Sources */ = {isa = PBXBuildFile; fileRef = 2B75329521A8F03D00666522 /* ViewController.swift */; };
		2B75329921A8F03D00666522 /* Main.storyboard in Resources */ = {isa = PBXBuildFile; fileRef = 2B75329721A8F03D00666522 /* Main.storyboard */; };
		2B75329B21A8F04000666522 /* Assets.xcassets in Resources */ = {isa = PBXBuildFile; fileRef = 2B75329A21A8F04000666522 /* Assets.xcassets */; };
		2B75329E21A8F04000666522 /* LaunchScreen.storyboard in Resources */ = {isa = PBXBuildFile; fileRef = 2B75329C21A8F04000666522 /* LaunchScreen.storyboard */; };
		2B7532A921A8F04000666522 /* examFileTests.swift in Sources */ = {isa = PBXBuildFile; fileRef = 2B7532A821A8F04000666522 /* examFileTests.swift */; };
		2B7532B421A8F04000666522 /* examFileUITests.swift in Sources */ = {isa = PBXBuildFile; fileRef = 2B7532B321A8F04000666522 /* examFileUITests.swift */; };
/* End PBXBuildFile section */

/* Begin PBXContainerItemProxy section */
		2B7532A521A8F04000666522 /* PBXContainerItemProxy */ = {
			isa = PBXContainerItemProxy;
			containerPortal = 2B75328821A8F03D00666522 /* Project object */;
			proxyType = 1;
			remoteGlobalIDString = 2B75328F21A8F03D00666522;
			remoteInfo = examFile;
		};
		2B7532B021A8F04000666522 /* PBXContainerItemProxy */ = {
			isa = PBXContainerItemProxy;
			containerPortal = 2B75328821A8F03D00666522 /* Project object */;
			proxyType = 1;
			remoteGlobalIDString = 2B75328F21A8F03D00666522;
			remoteInfo = examFile;
		};
/* End PBXContainerItemProxy section */

/* Begin PBXFileReference section */
		2B75329021A8F03D00666522 /* examFile.app */ = {isa = PBXFileReference; explicitFileType = wrapper.application; includeInIndex = 0; path = examFile.app; sourceTree = BUILT_PRODUCTS_DIR; };
		2B75329321A8F03D00666522 /* AppDelegate.swift */ = {isa = PBXFileReference; lastKnownFileType = sourcecode.swift; path = AppDelegate.swift; sourceTree = "<group>"; };
		2B75329521A8F03D00666522 /* ViewController.swift */ = {isa = PBXFileReference; lastKnownFileType = sourcecode.swift; path = ViewController.swift; sourceTree = "<group>"; };
		2B75329821A8F03D00666522 /* Base */ = {isa = PBXFileReference; lastKnownFileType = file.storyboard; name = Base; path = Base.lproj/Main.storyboard; sourceTree = "<group>"; };
		2B75329A21A8F04000666522 /* Assets.xcassets */ = {isa = PBXFileReference; lastKnownFileType = folder.assetcatalog; path = Assets.xcassets; sourceTree = "<group>"; };
		2B75329D21A8F04000666522 /* Base */ = {isa = PBXFileReference; lastKnownFileType = file.storyboard; name = Base; path = Base.lproj/LaunchScreen.storyboard; sourceTree = "<group>"; };
		2B75329F21A8F04000666522 /* Info.plist */ = {isa = PBXFileReference; lastKnownFileType = text.plist.xml; path = Info.plist; sourceTree = "<group>"; };
		2B7532A421A8F04000666522 /* examFileTests.xctest */ = {isa = PBXFileReference; explicitFileType = wrapper.cfbundle; includeInIndex = 0; path = examFileTests.xctest; sourceTree = BUILT_PRODUCTS_DIR; };
		2B7532A821A8F04000666522 /* examFileTests.swift */ = {isa = PBXFileReference; lastKnownFileType = sourcecode.swift; path = examFileTests.swift; sourceTree = "<group>"; };
		2B7532AA21A8F04000666522 /* Info.plist */ = {isa = PBXFileReference; lastKnownFileType = text.plist.xml; path = Info.plist; sourceTree = "<group>"; };
		2B7532AF21A8F04000666522 /* examFileUITests.xctest */ = {isa = PBXFileReference; explicitFileType = wrapper.cfbundle; includeInIndex = 0; path = examFileUITests.xctest; sourceTree = BUILT_PRODUCTS_DIR; };
		2B7532B321A8F04000666522 /* examFileUITests.swift */ = {isa = PBXFileReference; lastKnownFileType = sourcecode.swift; path = examFileUITests.swift; sourceTree = "<group>"; };
		2B7532B521A8F04000666522 /* Info.plist */ = {isa = PBXFileReference; lastKnownFileType = text.plist.xml; path = Info.plist; sourceTree = "<group>"; };
/* End PBXFileReference section */

/* Begin PBXFrameworksBuildPhase section */
		2B75328D21A8F03D00666522 /* Frameworks */ = {
			isa = PBXFrameworksBuildPhase;
			buildActionMask = 2147483647;
			files = (
			);
			runOnlyForDeploymentPostprocessing = 0;
		};
		2B7532A121A8F04000666522 /* Frameworks */ = {
			isa = PBXFrameworksBuildPhase;
			buildActionMask = 2147483647;
			files = (
			);
			runOnlyForDeploymentPostprocessing = 0;
		};
		2B7532AC21A8F04000666522 /* Frameworks */ = {
			isa = PBXFrameworksBuildPhase;
			buildActionMask = 2147483647;
			files = (
			);
			runOnlyForDeploymentPostprocessing = 0;
		};
/* End PBXFrameworksBuildPhase section */

/* Begin PBXGroup section */
		2B75328721A8F03D00666522 = {
			isa = PBXGroup;
			children = (
				2B75329221A8F03D00666522 /* examFile */,
				2B7532A721A8F04000666522 /* examFileTests */,
				2B7532B221A8F04000666522 /* examFileUITests */,
				2B75329121A8F03D00666522 /* Products */,
			);
			sourceTree = "<group>";
		};
		2B75329121A8F03D00666522 /* Products */ = {
			isa = PBXGroup;
			children = (
				2B75329021A8F03D00666522 /* examFile.app */,
				2B7532A421A8F04000666522 /* examFileTests.xctest */,
				2B7532AF21A8F04000666522 /* examFileUITests.xctest */,
			);
			name = Products;
			sourceTree = "<group>";
		};
		2B75329221A8F03D00666522 /* examFile */ = {
			isa = PBXGroup;
			children = (
				2B75329321A8F03D00666522 /* AppDelegate.swift */,
				2B75329521A8F03D00666522 /* ViewController.swift */,
				2B75329721A8F03D00666522 /* Main.storyboard */,
				2B75329A21A8F04000666522 /* Assets.xcassets */,
				2B75329C21A8F04000666522 /* LaunchScreen.storyboard */,
				2B75329F21A8F04000666522 /* Info.plist */,
			);
			path = examFile;
			sourceTree = "<group>";
		};
		2B7532A721A8F04000666522 /* examFileTests */ = {
			isa = PBXGroup;
			children = (
				2B7532A821A8F04000666522 /* examFileTests.swift */,
				2B7532AA21A8F04000666522 /* Info.plist */,
			);
			path = examFileTests;
			sourceTree = "<group>";
		};
		2B7532B221A8F04000666522 /* examFileUITests */ = {
			isa = PBXGroup;
			children = (
				2B7532B321A8F04000666522 /* examFileUITests.swift */,
				2B7532B521A8F04000666522 /* Info.plist */,
			);
			path = examFileUITests;
			sourceTree = "<group>";
		};
/* End PBXGroup section */

/* Begin PBXNativeTarget section */
		2B75328F21A8F03D00666522 /* examFile */ = {
			isa = PBXNativeTarget;
			buildConfigurationList = 2B7532B821A8F04000666522 /* Build configuration list for PBXNativeTarget "examFile" */;
			buildPhases = (
				2B75328C21A8F03D00666522 /* Sources */,
				2B75328D21A8F03D00666522 /* Frameworks */,
				2B75328E21A8F03D00666522 /* Resources */,
			);
			buildRules = (
			);
			dependencies = (
			);
			name = examFile;
			productName = examFile;
			productReference = 2B75329021A8F03D00666522 /* examFile.app */;
			productType = "com.apple.product-type.application";
		};
		2B7532A321A8F04000666522 /* examFileTests */ = {
			isa = PBXNativeTarget;
			buildConfigurationList = 2B7532BB21A8F04000666522 /* Build configuration list for PBXNativeTarget "examFileTests" */;
			buildPhases = (
				2B7532A021A8F04000666522 /* Sources */,
				2B7532A121A8F04000666522 /* Frameworks */,
				2B7532A221A8F04000666522 /* Resources */,
			);
			buildRules = (
			);
			dependencies = (
				2B7532A621A8F04000666522 /* PBXTargetDependency */,
			);
			name = examFileTests;
			productName = examFileTests;
			productReference = 2B7532A421A8F04000666522 /* examFileTests.xctest */;
			productType = "com.apple.product-type.bundle.unit-test";
		};
		2B7532AE21A8F04000666522 /* examFileUITests */ = {
			isa = PBXNativeTarget;
			buildConfigurationList = 2B7532BE21A8F04000666522 /* Build configuration list for PBXNativeTarget "examFileUITests" */;
			buildPhases = (
				2B7532AB21A8F04000666522 /* Sources */,
				2B7532AC21A8F04000666522 /* Frameworks */,
				2B7532AD21A8F04000666522 /* Resources */,
			);
			buildRules = (
			);
			dependencies = (
				2B7532B121A8F04000666522 /* PBXTargetDependency */,
			);
			name = examFileUITests;
			productName = examFileUITests;
			productReference = 2B7532AF21A8F04000666522 /* examFileUITests.xctest */;
			productType = "com.apple.product-type.bundle.ui-testing";
		};
/* End PBXNativeTarget section */

/* Begin PBXProject section */
		2B75328821A8F03D00666522 /* Project object */ = {
			isa = PBXProject;
			attributes = {
				LastSwiftUpdateCheck = 1010;
				LastUpgradeCheck = 1010;
				ORGANIZATIONNAME = "402-23";
				TargetAttributes = {
					2B75328F21A8F03D00666522 = {
						CreatedOnToolsVersion = 10.1;
					};
					2B7532A321A8F04000666522 = {
						CreatedOnToolsVersion = 10.1;
						TestTargetID = 2B75328F21A8F03D00666522;
					};
					2B7532AE21A8F04000666522 = {
						CreatedOnToolsVersion = 10.1;
						TestTargetID = 2B75328F21A8F03D00666522;
					};
				};
			};
			buildConfigurationList = 2B75328B21A8F03D00666522 /* Build configuration list for PBXProject "examFile" */;
			compatibilityVersion = "Xcode 9.3";
			developmentRegion = en;
			hasScannedForEncodings = 0;
			knownRegions = (
				en,
				Base,
			);
			mainGroup = 2B75328721A8F03D00666522;
			productRefGroup = 2B75329121A8F03D00666522 /* Products */;
			projectDirPath = "";
			projectRoot = "";
			targets = (
				2B75328F21A8F03D00666522 /* examFile */,
				2B7532A321A8F04000666522 /* examFileTests */,
				2B7532AE21A8F04000666522 /* examFileUITests */,
			);
		};
/* End PBXProject section */

/* Begin PBXResourcesBuildPhase section */
		2B75328E21A8F03D00666522 /* Resources */ = {
			isa = PBXResourcesBuildPhase;
			buildActionMask = 2147483647;
			files = (
				2B75329E21A8F04000666522 /* LaunchScreen.storyboard in Resources */,
				2B75329B21A8F04000666522 /* Assets.xcassets in Resources */,
				2B75329921A8F03D00666522 /* Main.storyboard in Resources */,
			);
			runOnlyForDeploymentPostprocessing = 0;
		};
		2B7532A221A8F04000666522 /* Resources */ = {
			isa = PBXResourcesBuildPhase;
			buildActionMask = 2147483647;
			files = (
			);
			runOnlyForDeploymentPostprocessing = 0;
		};
		2B7532AD21A8F04000666522 /* Resources */ = {
			isa = PBXResourcesBuildPhase;
			buildActionMask = 2147483647;
			files = (
			);
			runOnlyForDeploymentPostprocessing = 0;
		};
/* End PBXResourcesBuildPhase section */

/* Begin PBXSourcesBuildPhase section */
		2B75328C21A8F03D00666522 /* Sources */ = {
			isa = PBXSourcesBuildPhase;
			buildActionMask = 2147483647;
			files = (
				2B75329621A8F03D00666522 /* ViewController.swift in Sources */,
				2B75329421A8F03D00666522 /* AppDelegate.swift in Sources */,
			);
			runOnlyForDeploymentPostprocessing = 0;
		};
		2B7532A021A8F04000666522 /* Sources */ = {
			isa = PBXSourcesBuildPhase;
			buildActionMask = 2147483647;
			files = (
				2B7532A921A8F04000666522 /* examFileTests.swift in Sources */,
			);
			runOnlyForDeploymentPostprocessing = 0;
		};
		2B7532AB21A8F04000666522 /* Sources */ = {
			isa = PBXSourcesBuildPhase;
			buildActionMask = 2147483647;
			files = (
				2B7532B421A8F04000666522 /* examFileUITests.swift in Sources */,
			);
			runOnlyForDeploymentPostprocessing = 0;
		};
/* End PBXSourcesBuildPhase section */

/* Begin PBXTargetDependency section */
		2B7532A621A8F04000666522 /* PBXTargetDependency */ = {
			isa = PBXTargetDependency;
			target = 2B75328F21A8F03D00666522 /* examFile */;
			targetProxy = 2B7532A521A8F04000666522 /* PBXContainerItemProxy */;
		};
		2B7532B121A8F04000666522 /* PBXTargetDependency */ = {
			isa = PBXTargetDependency;
			target = 2B75328F21A8F03D00666522 /* examFile */;
			targetProxy = 2B7532B021A8F04000666522 /* PBXContainerItemProxy */;
		};
/* End PBXTargetDependency section */

/* Begin PBXVariantGroup section */
		2B75329721A8F03D00666522 /* Main.storyboard */ = {
			isa = PBXVariantGroup;
			children = (
				2B75329821A8F03D00666522 /* Base */,
			);
			name = Main.storyboard;
			sourceTree = "<group>";
		};
		2B75329C21A8F04000666522 /* LaunchScreen.storyboard */ = {
			isa = PBXVariantGroup;
			children = (
				2B75329D21A8F04000666522 /* Base */,
			);
			name = LaunchScreen.storyboard;
			sourceTree = "<group>";
		};
/* End PBXVariantGroup section */

/* Begin XCBuildConfiguration section */
		2B7532B621A8F04000666522 /* Debug */ = {
			isa = XCBuildConfiguration;
			buildSettings = {
				ALWAYS_SEARCH_USER_PATHS = NO;
				CLANG_ANALYZER_NONNULL = YES;
				CLANG_ANALYZER_NUMBER_OBJECT_CONVERSION = YES_AGGRESSIVE;
				CLANG_CXX_LANGUAGE_STANDARD = "gnu++14";
				CLANG_CXX_LIBRARY = "libc++";
				CLANG_ENABLE_MODULES = YES;
				CLANG_ENABLE_OBJC_ARC = YES;
				CLANG_ENABLE_OBJC_WEAK = YES;
				CLANG_WARN_BLOCK_CAPTURE_AUTORELEASING = YES;
				CLANG_WARN_BOOL_CONVERSION = YES;
				CLANG_WARN_COMMA = YES;
				CLANG_WARN_CONSTANT_CONVERSION = YES;
				CLANG_WARN_DEPRECATED_OBJC_IMPLEMENTATIONS = YES;
				CLANG_WARN_DIRECT_OBJC_ISA_USAGE = YES_ERROR;
				CLANG_WARN_DOCUMENTATION_COMMENTS = YES;
				CLANG_WARN_EMPTY_BODY = YES;
				CLANG_WARN_ENUM_CONVERSION = YES;
				CLANG_WARN_INFINITE_RECURSION = YES;
				CLANG_WARN_INT_CONVERSION = YES;
				CLANG_WARN_NON_LITERAL_NULL_CONVERSION = YES;
				CLANG_WARN_OBJC_IMPLICIT_RETAIN_SELF = YES;
				CLANG_WARN_OBJC_LITERAL_CONVERSION = YES;
				CLANG_WARN_OBJC_ROOT_CLASS = YES_ERROR;
				CLANG_WARN_RANGE_LOOP_ANALYSIS = YES;
				CLANG_WARN_STRICT_PROTOTYPES = YES;
				CLANG_WARN_SUSPICIOUS_MOVE = YES;
				CLANG_WARN_UNGUARDED_AVAILABILITY = YES_AGGRESSIVE;
				CLANG_WARN_UNREACHABLE_CODE = YES;
				CLANG_WARN__DUPLICATE_METHOD_MATCH = YES;
				CODE_SIGN_IDENTITY = "iPhone Developer";
				COPY_PHASE_STRIP = NO;
				DEBUG_INFORMATION_FORMAT = dwarf;
				ENABLE_STRICT_OBJC_MSGSEND = YES;
				ENABLE_TESTABILITY = YES;
				GCC_C_LANGUAGE_STANDARD = gnu11;
				GCC_DYNAMIC_NO_PIC = NO;
				GCC_NO_COMMON_BLOCKS = YES;
				GCC_OPTIMIZATION_LEVEL = 0;
				GCC_PREPROCESSOR_DEFINITIONS = (
					"DEBUG=1",
					"$(inherited)",
				);
				GCC_WARN_64_TO_32_BIT_CONVERSION = YES;
				GCC_WARN_ABOUT_RETURN_TYPE = YES_ERROR;
				GCC_WARN_UNDECLARED_SELECTOR = YES;
				GCC_WARN_UNINITIALIZED_AUTOS = YES_AGGRESSIVE;
				GCC_WARN_UNUSED_FUNCTION = YES;
				GCC_WARN_UNUSED_VARIABLE = YES;
				IPHONEOS_DEPLOYMENT_TARGET = 12.1;
				MTL_ENABLE_DEBUG_INFO = INCLUDE_SOURCE;
				MTL_FAST_MATH = YES;
				ONLY_ACTIVE_ARCH = YES;
				SDKROOT = iphoneos;
				SWIFT_ACTIVE_COMPILATION_CONDITIONS = DEBUG;
				SWIFT_OPTIMIZATION_LEVEL = "-Onone";
			};
			name = Debug;
		};
		2B7532B721A8F04000666522 /* Release */ = {
			isa = XCBuildConfiguration;
			buildSettings = {
				ALWAYS_SEARCH_USER_PATHS = NO;
				CLANG_ANALYZER_NONNULL = YES;
				CLANG_ANALYZER_NUMBER_OBJECT_CONVERSION = YES_AGGRESSIVE;
				CLANG_CXX_LANGUAGE_STANDARD = "gnu++14";
				CLANG_CXX_LIBRARY = "libc++";
				CLANG_ENABLE_MODULES = YES;
				CLANG_ENABLE_OBJC_ARC = YES;
				CLANG_ENABLE_OBJC_WEAK = YES;
				CLANG_WARN_BLOCK_CAPTURE_AUTORELEASING = YES;
				CLANG_WARN_BOOL_CONVERSION = YES;
				CLANG_WARN_COMMA = YES;
				CLANG_WARN_CONSTANT_CONVERSION = YES;
				CLANG_WARN_DEPRECATED_OBJC_IMPLEMENTATIONS = YES;
				CLANG_WARN_DIRECT_OBJC_ISA_USAGE = YES_ERROR;
				CLANG_WARN_DOCUMENTATION_COMMENTS = YES;
				CLANG_WARN_EMPTY_BODY = YES;
				CLANG_WARN_ENUM_CONVERSION = YES;
				CLANG_WARN_INFINITE_RECURSION = YES;
				CLANG_WARN_INT_CONVERSION = YES;
				CLANG_WARN_NON_LITERAL_NULL_CONVERSION = YES;
				CLANG_WARN_OBJC_IMPLICIT_RETAIN_SELF = YES;
				CLANG_WARN_OBJC_LITERAL_CONVERSION = YES;
				CLANG_WARN_OBJC_ROOT_CLASS = YES_ERROR;
				CLANG_WARN_RANGE_LOOP_ANALYSIS = YES;
				CLANG_WARN_STRICT_PROTOTYPES = YES;
				CLANG_WARN_SUSPICIOUS_MOVE = YES;
				CLANG_WARN_UNGUARDED_AVAILABILITY = YES_AGGRESSIVE;
				CLANG_WARN_UNREACHABLE_CODE = YES;
				CLANG_WARN__DUPLICATE_METHOD_MATCH = YES;
				CODE_SIGN_IDENTITY = "iPhone Developer";
				COPY_PHASE_STRIP = NO;
				DEBUG_INFORMATION_FORMAT = "dwarf-with-dsym";
				ENABLE_NS_ASSERTIONS = NO;
				ENABLE_STRICT_OBJC_MSGSEND = YES;
				GCC_C_LANGUAGE_STANDARD = gnu11;
				GCC_NO_COMMON_BLOCKS = YES;
				GCC_WARN_64_TO_32_BIT_CONVERSION = YES;
				GCC_WARN_ABOUT_RETURN_TYPE = YES_ERROR;
				GCC_WARN_UNDECLARED_SELECTOR = YES;
				GCC_WARN_UNINITIALIZED_AUTOS = YES_AGGRESSIVE;
				GCC_WARN_UNUSED_FUNCTION = YES;
				GCC_WARN_UNUSED_VARIABLE = YES;
				IPHONEOS_DEPLOYMENT_TARGET = 12.1;
				MTL_ENABLE_DEBUG_INFO = NO;
				MTL_FAST_MATH = YES;
				SDKROOT = iphoneos;
				SWIFT_COMPILATION_MODE = wholemodule;
				SWIFT_OPTIMIZATION_LEVEL = "-O";
				VALIDATE_PRODUCT = YES;
			};
			name = Release;
		};
		2B7532B921A8F04000666522 /* Debug */ = {
			isa = XCBuildConfiguration;
			buildSettings = {
				ASSETCATALOG_COMPILER_APPICON_NAME = AppIcon;
				CODE_SIGN_STYLE = Automatic;
				DEVELOPMENT_TEAM = MUZB83TDC5;
				INFOPLIST_FILE = examFile/Info.plist;
				LD_RUNPATH_SEARCH_PATHS = (
					"$(inherited)",
					"@executable_path/Frameworks",
				);
				PRODUCT_BUNDLE_IDENTIFIER = ljh0928.examFile;
				PRODUCT_NAME = "$(TARGET_NAME)";
				SWIFT_VERSION = 4.2;
				TARGETED_DEVICE_FAMILY = "1,2";
			};
			name = Debug;
		};
		2B7532BA21A8F04000666522 /* Release */ = {
			isa = XCBuildConfiguration;
			buildSettings = {
				ASSETCATALOG_COMPILER_APPICON_NAME = AppIcon;
				CODE_SIGN_STYLE = Automatic;
				DEVELOPMENT_TEAM = MUZB83TDC5;
				INFOPLIST_FILE = examFile/Info.plist;
				LD_RUNPATH_SEARCH_PATHS = (
					"$(inherited)",
					"@executable_path/Frameworks",
				);
				PRODUCT_BUNDLE_IDENTIFIER = ljh0928.examFile;
				PRODUCT_NAME = "$(TARGET_NAME)";
				SWIFT_VERSION = 4.2;
				TARGETED_DEVICE_FAMILY = "1,2";
			};
			name = Release;
		};
		2B7532BC21A8F04000666522 /* Debug */ = {
			isa = XCBuildConfiguration;
			buildSettings = {
				ALWAYS_EMBED_SWIFT_STANDARD_LIBRARIES = YES;
				BUNDLE_LOADER = "$(TEST_HOST)";
				CODE_SIGN_STYLE = Automatic;
				DEVELOPMENT_TEAM = MUZB83TDC5;
				INFOPLIST_FILE = examFileTests/Info.plist;
				LD_RUNPATH_SEARCH_PATHS = (
					"$(inherited)",
					"@executable_path/Frameworks",
					"@loader_path/Frameworks",
				);
				PRODUCT_BUNDLE_IDENTIFIER = ljh0928.examFileTests;
				PRODUCT_NAME = "$(TARGET_NAME)";
				SWIFT_VERSION = 4.2;
				TARGETED_DEVICE_FAMILY = "1,2";
				TEST_HOST = "$(BUILT_PRODUCTS_DIR)/examFile.app/examFile";
			};
			name = Debug;
		};
		2B7532BD21A8F04000666522 /* Release */ = {
			isa = XCBuildConfiguration;
			buildSettings = {
				ALWAYS_EMBED_SWIFT_STANDARD_LIBRARIES = YES;
				BUNDLE_LOADER = "$(TEST_HOST)";
				CODE_SIGN_STYLE = Automatic;
				DEVELOPMENT_TEAM = MUZB83TDC5;
				INFOPLIST_FILE = examFileTests/Info.plist;
				LD_RUNPATH_SEARCH_PATHS = (
					"$(inherited)",
					"@executable_path/Frameworks",
					"@loader_path/Frameworks",
				);
				PRODUCT_BUNDLE_IDENTIFIER = ljh0928.examFileTests;
				PRODUCT_NAME = "$(TARGET_NAME)";
				SWIFT_VERSION = 4.2;
				TARGETED_DEVICE_FAMILY = "1,2";
				TEST_HOST = "$(BUILT_PRODUCTS_DIR)/examFile.app/examFile";
			};
			name = Release;
		};
		2B7532BF21A8F04000666522 /* Debug */ = {
			isa = XCBuildConfiguration;
			buildSettings = {
				ALWAYS_EMBED_SWIFT_STANDARD_LIBRARIES = YES;
				CODE_SIGN_STYLE = Automatic;
				DEVELOPMENT_TEAM = MUZB83TDC5;
				INFOPLIST_FILE = examFileUITests/Info.plist;
				LD_RUNPATH_SEARCH_PATHS = (
					"$(inherited)",
					"@executable_path/Frameworks",
					"@loader_path/Frameworks",
				);
				PRODUCT_BUNDLE_IDENTIFIER = ljh0928.examFileUITests;
				PRODUCT_NAME = "$(TARGET_NAME)";
				SWIFT_VERSION = 4.2;
				TARGETED_DEVICE_FAMILY = "1,2";
				TEST_TARGET_NAME = examFile;
			};
			name = Debug;
		};
		2B7532C021A8F04000666522 /* Release */ = {
			isa = XCBuildConfiguration;
			buildSettings = {
				ALWAYS_EMBED_SWIFT_STANDARD_LIBRARIES = YES;
				CODE_SIGN_STYLE = Automatic;
				DEVELOPMENT_TEAM = MUZB83TDC5;
				INFOPLIST_FILE = examFileUITests/Info.plist;
				LD_RUNPATH_SEARCH_PATHS = (
					"$(inherited)",
					"@executable_path/Frameworks",
					"@loader_path/Frameworks",
				);
				PRODUCT_BUNDLE_IDENTIFIER = ljh0928.examFileUITests;
				PRODUCT_NAME = "$(TARGET_NAME)";
				SWIFT_VERSION = 4.2;
				TARGETED_DEVICE_FAMILY = "1,2";
				TEST_TARGET_NAME = examFile;
			};
			name = Release;
		};
/* End XCBuildConfiguration section */

/* Begin XCConfigurationList section */
		2B75328B21A8F03D00666522 /* Build configuration list for PBXProject "examFile" */ = {
			isa = XCConfigurationList;
			buildConfigurations = (
				2B7532B621A8F04000666522 /* Debug */,
				2B7532B721A8F04000666522 /* Release */,
			);
			defaultConfigurationIsVisible = 0;
			defaultConfigurationName = Release;
		};
		2B7532B821A8F04000666522 /* Build configuration list for PBXNativeTarget "examFile" */ = {
			isa = XCConfigurationList;
			buildConfigurations = (
				2B7532B921A8F04000666522 /* Debug */,
				2B7532BA21A8F04000666522 /* Release */,
			);
			defaultConfigurationIsVisible = 0;
			defaultConfigurationName = Release;
		};
		2B7532BB21A8F04000666522 /* Build configuration list for PBXNativeTarget "examFileTests" */ = {
			isa = XCConfigurationList;
			buildConfigurations = (
				2B7532BC21A8F04000666522 /* Debug */,
				2B7532BD21A8F04000666522 /* Release */,
			);
			defaultConfigurationIsVisible = 0;
			defaultConfigurationName = Release;
		};
		2B7532BE21A8F04000666522 /* Build configuration list for PBXNativeTarget "examFileUITests" */ = {
			isa = XCConfigurationList;
			buildConfigurations = (
				2B7532BF21A8F04000666522 /* Debug */,
				2B7532C021A8F04000666522 /* Release */,
			);
			defaultConfigurationIsVisible = 0;
			defaultConfigurationName = Release;
		};
/* End XCConfigurationList section */
	};
	rootObject = 2B75328821A8F03D00666522 /* Project object */;
}
