// !$*UTF8*$!
{
	archiveVersion = 1;
	classes = {
	};
	objectVersion = 50;
	objects = {

/* Begin PBXBuildFile section */
		A5A5068B21A7B700003DED88 /* AppDelegate.swift in Sources */ = {isa = PBXBuildFile; fileRef = A5A5068A21A7B700003DED88 /* AppDelegate.swift */; };
		A5A5068D21A7B700003DED88 /* ViewController.swift in Sources */ = {isa = PBXBuildFile; fileRef = A5A5068C21A7B700003DED88 /* ViewController.swift */; };
		A5A5069021A7B700003DED88 /* Main.storyboard in Resources */ = {isa = PBXBuildFile; fileRef = A5A5068E21A7B700003DED88 /* Main.storyboard */; };
		A5A5069221A7B704003DED88 /* Assets.xcassets in Resources */ = {isa = PBXBuildFile; fileRef = A5A5069121A7B704003DED88 /* Assets.xcassets */; };
		A5A5069521A7B704003DED88 /* LaunchScreen.storyboard in Resources */ = {isa = PBXBuildFile; fileRef = A5A5069321A7B704003DED88 /* LaunchScreen.storyboard */; };
		A5A506A221A7BDBE003DED88 /* bluetooth_searching.png in Resources */ = {isa = PBXBuildFile; fileRef = A5A5069C21A7BDBD003DED88 /* bluetooth_searching.png */; };
		A5A506A321A7BDBE003DED88 /* access_alarms.png in Resources */ = {isa = PBXBuildFile; fileRef = A5A5069D21A7BDBD003DED88 /* access_alarms.png */; };
		A5A506A421A7BDBE003DED88 /* add_alarm.png in Resources */ = {isa = PBXBuildFile; fileRef = A5A5069E21A7BDBD003DED88 /* add_alarm.png */; };
		A5A506A521A7BDBE003DED88 /* bluetooth_connected.png in Resources */ = {isa = PBXBuildFile; fileRef = A5A5069F21A7BDBD003DED88 /* bluetooth_connected.png */; };
		A5A506A621A7BDBE003DED88 /* bluetooth.png in Resources */ = {isa = PBXBuildFile; fileRef = A5A506A021A7BDBD003DED88 /* bluetooth.png */; };
		A5A506A721A7BDBE003DED88 /* bluetooth_disabled.png in Resources */ = {isa = PBXBuildFile; fileRef = A5A506A121A7BDBE003DED88 /* bluetooth_disabled.png */; };
/* End PBXBuildFile section */

/* Begin PBXFileReference section */
		A5A5068721A7B700003DED88 /* homework_01.app */ = {isa = PBXFileReference; explicitFileType = wrapper.application; includeInIndex = 0; path = homework_01.app; sourceTree = BUILT_PRODUCTS_DIR; };
		A5A5068A21A7B700003DED88 /* AppDelegate.swift */ = {isa = PBXFileReference; lastKnownFileType = sourcecode.swift; path = AppDelegate.swift; sourceTree = "<group>"; };
		A5A5068C21A7B700003DED88 /* ViewController.swift */ = {isa = PBXFileReference; lastKnownFileType = sourcecode.swift; path = ViewController.swift; sourceTree = "<group>"; };
		A5A5068F21A7B700003DED88 /* Base */ = {isa = PBXFileReference; lastKnownFileType = file.storyboard; name = Base; path = Base.lproj/Main.storyboard; sourceTree = "<group>"; };
		A5A5069121A7B704003DED88 /* Assets.xcassets */ = {isa = PBXFileReference; lastKnownFileType = folder.assetcatalog; path = Assets.xcassets; sourceTree = "<group>"; };
		A5A5069421A7B704003DED88 /* Base */ = {isa = PBXFileReference; lastKnownFileType = file.storyboard; name = Base; path = Base.lproj/LaunchScreen.storyboard; sourceTree = "<group>"; };
		A5A5069621A7B704003DED88 /* Info.plist */ = {isa = PBXFileReference; lastKnownFileType = text.plist.xml; path = Info.plist; sourceTree = "<group>"; };
		A5A5069C21A7BDBD003DED88 /* bluetooth_searching.png */ = {isa = PBXFileReference; lastKnownFileType = image.png; name = bluetooth_searching.png; path = image/bluetooth_searching.png; sourceTree = SOURCE_ROOT; };
		A5A5069D21A7BDBD003DED88 /* access_alarms.png */ = {isa = PBXFileReference; lastKnownFileType = image.png; name = access_alarms.png; path = image/access_alarms.png; sourceTree = SOURCE_ROOT; };
		A5A5069E21A7BDBD003DED88 /* add_alarm.png */ = {isa = PBXFileReference; lastKnownFileType = image.png; name = add_alarm.png; path = image/add_alarm.png; sourceTree = SOURCE_ROOT; };
		A5A5069F21A7BDBD003DED88 /* bluetooth_connected.png */ = {isa = PBXFileReference; lastKnownFileType = image.png; name = bluetooth_connected.png; path = image/bluetooth_connected.png; sourceTree = SOURCE_ROOT; };
		A5A506A021A7BDBD003DED88 /* bluetooth.png */ = {isa = PBXFileReference; lastKnownFileType = image.png; name = bluetooth.png; path = image/bluetooth.png; sourceTree = SOURCE_ROOT; };
		A5A506A121A7BDBE003DED88 /* bluetooth_disabled.png */ = {isa = PBXFileReference; lastKnownFileType = image.png; name = bluetooth_disabled.png; path = image/bluetooth_disabled.png; sourceTree = SOURCE_ROOT; };
/* End PBXFileReference section */

/* Begin PBXFrameworksBuildPhase section */
		A5A5068421A7B700003DED88 /* Frameworks */ = {
			isa = PBXFrameworksBuildPhase;
			buildActionMask = 2147483647;
			files = (
			);
			runOnlyForDeploymentPostprocessing = 0;
		};
/* End PBXFrameworksBuildPhase section */

/* Begin PBXGroup section */
		A5A5067E21A7B700003DED88 = {
			isa = PBXGroup;
			children = (
				A5A5068921A7B700003DED88 /* homework_01 */,
				A5A5068821A7B700003DED88 /* Products */,
			);
			sourceTree = "<group>";
		};
		A5A5068821A7B700003DED88 /* Products */ = {
			isa = PBXGroup;
			children = (
				A5A5068721A7B700003DED88 /* homework_01.app */,
			);
			name = Products;
			sourceTree = "<group>";
		};
		A5A5068921A7B700003DED88 /* homework_01 */ = {
			isa = PBXGroup;
			children = (
				A5A5069D21A7BDBD003DED88 /* access_alarms.png */,
				A5A5069E21A7BDBD003DED88 /* add_alarm.png */,
				A5A5069F21A7BDBD003DED88 /* bluetooth_connected.png */,
				A5A506A121A7BDBE003DED88 /* bluetooth_disabled.png */,
				A5A5069C21A7BDBD003DED88 /* bluetooth_searching.png */,
				A5A506A021A7BDBD003DED88 /* bluetooth.png */,
				A5A5068A21A7B700003DED88 /* AppDelegate.swift */,
				A5A5068C21A7B700003DED88 /* ViewController.swift */,
				A5A5068E21A7B700003DED88 /* Main.storyboard */,
				A5A5069121A7B704003DED88 /* Assets.xcassets */,
				A5A5069321A7B704003DED88 /* LaunchScreen.storyboard */,
				A5A5069621A7B704003DED88 /* Info.plist */,
			);
			path = homework_01;
			sourceTree = "<group>";
		};
/* End PBXGroup section */

/* Begin PBXNativeTarget section */
		A5A5068621A7B700003DED88 /* homework_01 */ = {
			isa = PBXNativeTarget;
			buildConfigurationList = A5A5069921A7B704003DED88 /* Build configuration list for PBXNativeTarget "homework_01" */;
			buildPhases = (
				A5A5068321A7B700003DED88 /* Sources */,
				A5A5068421A7B700003DED88 /* Frameworks */,
				A5A5068521A7B700003DED88 /* Resources */,
			);
			buildRules = (
			);
			dependencies = (
			);
			name = homework_01;
			productName = homework_01;
			productReference = A5A5068721A7B700003DED88 /* homework_01.app */;
			productType = "com.apple.product-type.application";
		};
/* End PBXNativeTarget section */

/* Begin PBXProject section */
		A5A5067F21A7B700003DED88 /* Project object */ = {
			isa = PBXProject;
			attributes = {
				LastSwiftUpdateCheck = 1010;
				LastUpgradeCheck = 1010;
				ORGANIZATIONNAME = ljh0928;
				TargetAttributes = {
					A5A5068621A7B700003DED88 = {
						CreatedOnToolsVersion = 10.1;
					};
				};
			};
			buildConfigurationList = A5A5068221A7B700003DED88 /* Build configuration list for PBXProject "homework_01" */;
			compatibilityVersion = "Xcode 9.3";
			developmentRegion = en;
			hasScannedForEncodings = 0;
			knownRegions = (
				en,
				Base,
			);
			mainGroup = A5A5067E21A7B700003DED88;
			productRefGroup = A5A5068821A7B700003DED88 /* Products */;
			projectDirPath = "";
			projectRoot = "";
			targets = (
				A5A5068621A7B700003DED88 /* homework_01 */,
			);
		};
/* End PBXProject section */

/* Begin PBXResourcesBuildPhase section */
		A5A5068521A7B700003DED88 /* Resources */ = {
			isa = PBXResourcesBuildPhase;
			buildActionMask = 2147483647;
			files = (
				A5A5069521A7B704003DED88 /* LaunchScreen.storyboard in Resources */,
				A5A506A421A7BDBE003DED88 /* add_alarm.png in Resources */,
				A5A506A521A7BDBE003DED88 /* bluetooth_connected.png in Resources */,
				A5A506A321A7BDBE003DED88 /* access_alarms.png in Resources */,
				A5A5069221A7B704003DED88 /* Assets.xcassets in Resources */,
				A5A5069021A7B700003DED88 /* Main.storyboard in Resources */,
				A5A506A621A7BDBE003DED88 /* bluetooth.png in Resources */,
				A5A506A221A7BDBE003DED88 /* bluetooth_searching.png in Resources */,
				A5A506A721A7BDBE003DED88 /* bluetooth_disabled.png in Resources */,
			);
			runOnlyForDeploymentPostprocessing = 0;
		};
/* End PBXResourcesBuildPhase section */

/* Begin PBXSourcesBuildPhase section */
		A5A5068321A7B700003DED88 /* Sources */ = {
			isa = PBXSourcesBuildPhase;
			buildActionMask = 2147483647;
			files = (
				A5A5068D21A7B700003DED88 /* ViewController.swift in Sources */,
				A5A5068B21A7B700003DED88 /* AppDelegate.swift in Sources */,
			);
			runOnlyForDeploymentPostprocessing = 0;
		};
/* End PBXSourcesBuildPhase section */

/* Begin PBXVariantGroup section */
		A5A5068E21A7B700003DED88 /* Main.storyboard */ = {
			isa = PBXVariantGroup;
			children = (
				A5A5068F21A7B700003DED88 /* Base */,
			);
			name = Main.storyboard;
			sourceTree = "<group>";
		};
		A5A5069321A7B704003DED88 /* LaunchScreen.storyboard */ = {
			isa = PBXVariantGroup;
			children = (
				A5A5069421A7B704003DED88 /* Base */,
			);
			name = LaunchScreen.storyboard;
			sourceTree = "<group>";
		};
/* End PBXVariantGroup section */

/* Begin XCBuildConfiguration section */
		A5A5069721A7B704003DED88 /* Debug */ = {
			isa = XCBuildConfiguration;
			buildSettings = {
				ALWAYS_SEARCH_USER_PATHS = NO;
				CLANG_ANALYZER_NONNULL = YES;
				CLANG_ANALYZER_NUMBER_OBJECT_CONVERSION = YES_AGGRESSIVE;
				CLANG_CXX_LANGUAGE_STANDARD = "gnu++14";
				CLANG_CXX_LIBRARY = "libc++";
				CLANG_ENABLE_MODULES = YES;
				CLANG_ENABLE_OBJC_ARC = YES;
				CLANG_ENABLE_OBJC_WEAK = YES;
				CLANG_WARN_BLOCK_CAPTURE_AUTORELEASING = YES;
				CLANG_WARN_BOOL_CONVERSION = YES;
				CLANG_WARN_COMMA = YES;
				CLANG_WARN_CONSTANT_CONVERSION = YES;
				CLANG_WARN_DEPRECATED_OBJC_IMPLEMENTATIONS = YES;
				CLANG_WARN_DIRECT_OBJC_ISA_USAGE = YES_ERROR;
				CLANG_WARN_DOCUMENTATION_COMMENTS = YES;
				CLANG_WARN_EMPTY_BODY = YES;
				CLANG_WARN_ENUM_CONVERSION = YES;
				CLANG_WARN_INFINITE_RECURSION = YES;
				CLANG_WARN_INT_CONVERSION = YES;
				CLANG_WARN_NON_LITERAL_NULL_CONVERSION = YES;
				CLANG_WARN_OBJC_IMPLICIT_RETAIN_SELF = YES;
				CLANG_WARN_OBJC_LITERAL_CONVERSION = YES;
				CLANG_WARN_OBJC_ROOT_CLASS = YES_ERROR;
				CLANG_WARN_RANGE_LOOP_ANALYSIS = YES;
				CLANG_WARN_STRICT_PROTOTYPES = YES;
				CLANG_WARN_SUSPICIOUS_MOVE = YES;
				CLANG_WARN_UNGUARDED_AVAILABILITY = YES_AGGRESSIVE;
				CLANG_WARN_UNREACHABLE_CODE = YES;
				CLANG_WARN__DUPLICATE_METHOD_MATCH = YES;
				CODE_SIGN_IDENTITY = "iPhone Developer";
				COPY_PHASE_STRIP = NO;
				DEBUG_INFORMATION_FORMAT = dwarf;
				ENABLE_STRICT_OBJC_MSGSEND = YES;
				ENABLE_TESTABILITY = YES;
				GCC_C_LANGUAGE_STANDARD = gnu11;
				GCC_DYNAMIC_NO_PIC = NO;
				GCC_NO_COMMON_BLOCKS = YES;
				GCC_OPTIMIZATION_LEVEL = 0;
				GCC_PREPROCESSOR_DEFINITIONS = (
					"DEBUG=1",
					"$(inherited)",
				);
				GCC_WARN_64_TO_32_BIT_CONVERSION = YES;
				GCC_WARN_ABOUT_RETURN_TYPE = YES_ERROR;
				GCC_WARN_UNDECLARED_SELECTOR = YES;
				GCC_WARN_UNINITIALIZED_AUTOS = YES_AGGRESSIVE;
				GCC_WARN_UNUSED_FUNCTION = YES;
				GCC_WARN_UNUSED_VARIABLE = YES;
				IPHONEOS_DEPLOYMENT_TARGET = 12.1;
				MTL_ENABLE_DEBUG_INFO = INCLUDE_SOURCE;
				MTL_FAST_MATH = YES;
				ONLY_ACTIVE_ARCH = YES;
				SDKROOT = iphoneos;
				SWIFT_ACTIVE_COMPILATION_CONDITIONS = DEBUG;
				SWIFT_OPTIMIZATION_LEVEL = "-Onone";
			};
			name = Debug;
		};
		A5A5069821A7B704003DED88 /* Release */ = {
			isa = XCBuildConfiguration;
			buildSettings = {
				ALWAYS_SEARCH_USER_PATHS = NO;
				CLANG_ANALYZER_NONNULL = YES;
				CLANG_ANALYZER_NUMBER_OBJECT_CONVERSION = YES_AGGRESSIVE;
				CLANG_CXX_LANGUAGE_STANDARD = "gnu++14";
				CLANG_CXX_LIBRARY = "libc++";
				CLANG_ENABLE_MODULES = YES;
				CLANG_ENABLE_OBJC_ARC = YES;
				CLANG_ENABLE_OBJC_WEAK = YES;
				CLANG_WARN_BLOCK_CAPTURE_AUTORELEASING = YES;
				CLANG_WARN_BOOL_CONVERSION = YES;
				CLANG_WARN_COMMA = YES;
				CLANG_WARN_CONSTANT_CONVERSION = YES;
				CLANG_WARN_DEPRECATED_OBJC_IMPLEMENTATIONS = YES;
				CLANG_WARN_DIRECT_OBJC_ISA_USAGE = YES_ERROR;
				CLANG_WARN_DOCUMENTATION_COMMENTS = YES;
				CLANG_WARN_EMPTY_BODY = YES;
				CLANG_WARN_ENUM_CONVERSION = YES;
				CLANG_WARN_INFINITE_RECURSION = YES;
				CLANG_WARN_INT_CONVERSION = YES;
				CLANG_WARN_NON_LITERAL_NULL_CONVERSION = YES;
				CLANG_WARN_OBJC_IMPLICIT_RETAIN_SELF = YES;
				CLANG_WARN_OBJC_LITERAL_CONVERSION = YES;
				CLANG_WARN_OBJC_ROOT_CLASS = YES_ERROR;
				CLANG_WARN_RANGE_LOOP_ANALYSIS = YES;
				CLANG_WARN_STRICT_PROTOTYPES = YES;
				CLANG_WARN_SUSPICIOUS_MOVE = YES;
				CLANG_WARN_UNGUARDED_AVAILABILITY = YES_AGGRESSIVE;
				CLANG_WARN_UNREACHABLE_CODE = YES;
				CLANG_WARN__DUPLICATE_METHOD_MATCH = YES;
				CODE_SIGN_IDENTITY = "iPhone Developer";
				COPY_PHASE_STRIP = NO;
				DEBUG_INFORMATION_FORMAT = "dwarf-with-dsym";
				ENABLE_NS_ASSERTIONS = NO;
				ENABLE_STRICT_OBJC_MSGSEND = YES;
				GCC_C_LANGUAGE_STANDARD = gnu11;
				GCC_NO_COMMON_BLOCKS = YES;
				GCC_WARN_64_TO_32_BIT_CONVERSION = YES;
				GCC_WARN_ABOUT_RETURN_TYPE = YES_ERROR;
				GCC_WARN_UNDECLARED_SELECTOR = YES;
				GCC_WARN_UNINITIALIZED_AUTOS = YES_AGGRESSIVE;
				GCC_WARN_UNUSED_FUNCTION = YES;
				GCC_WARN_UNUSED_VARIABLE = YES;
				IPHONEOS_DEPLOYMENT_TARGET = 12.1;
				MTL_ENABLE_DEBUG_INFO = NO;
				MTL_FAST_MATH = YES;
				SDKROOT = iphoneos;
				SWIFT_COMPILATION_MODE = wholemodule;
				SWIFT_OPTIMIZATION_LEVEL = "-O";
				VALIDATE_PRODUCT = YES;
			};
			name = Release;
		};
		A5A5069A21A7B704003DED88 /* Debug */ = {
			isa = XCBuildConfiguration;
			buildSettings = {
				ASSETCATALOG_COMPILER_APPICON_NAME = AppIcon;
				CODE_SIGN_STYLE = Automatic;
				DEVELOPMENT_TEAM = MUZB83TDC5;
				INFOPLIST_FILE = homework_01/Info.plist;
				LD_RUNPATH_SEARCH_PATHS = (
					"$(inherited)",
					"@executable_path/Frameworks",
				);
				PRODUCT_BUNDLE_IDENTIFIER = "cellumed.homework-01";
				PRODUCT_NAME = "$(TARGET_NAME)";
				SWIFT_VERSION = 4.2;
				TARGETED_DEVICE_FAMILY = "1,2";
			};
			name = Debug;
		};
		A5A5069B21A7B704003DED88 /* Release */ = {
			isa = XCBuildConfiguration;
			buildSettings = {
				ASSETCATALOG_COMPILER_APPICON_NAME = AppIcon;
				CODE_SIGN_STYLE = Automatic;
				DEVELOPMENT_TEAM = MUZB83TDC5;
				INFOPLIST_FILE = homework_01/Info.plist;
				LD_RUNPATH_SEARCH_PATHS = (
					"$(inherited)",
					"@executable_path/Frameworks",
				);
				PRODUCT_BUNDLE_IDENTIFIER = "cellumed.homework-01";
				PRODUCT_NAME = "$(TARGET_NAME)";
				SWIFT_VERSION = 4.2;
				TARGETED_DEVICE_FAMILY = "1,2";
			};
			name = Release;
		};
/* End XCBuildConfiguration section */

/* Begin XCConfigurationList section */
		A5A5068221A7B700003DED88 /* Build configuration list for PBXProject "homework_01" */ = {
			isa = XCConfigurationList;
			buildConfigurations = (
				A5A5069721A7B704003DED88 /* Debug */,
				A5A5069821A7B704003DED88 /* Release */,
			);
			defaultConfigurationIsVisible = 0;
			defaultConfigurationName = Release;
		};
		A5A5069921A7B704003DED88 /* Build configuration list for PBXNativeTarget "homework_01" */ = {
			isa = XCConfigurationList;
			buildConfigurations = (
				A5A5069A21A7B704003DED88 /* Debug */,
				A5A5069B21A7B704003DED88 /* Release */,
			);
			defaultConfigurationIsVisible = 0;
			defaultConfigurationName = Release;
		};
/* End XCConfigurationList section */
	};
	rootObject = A5A5067F21A7B700003DED88 /* Project object */;
}
